// !$*UTF8*$!
{
	archiveVersion = 1;
	classes = {
	};
	objectVersion = 46;
	objects = {

/* Begin PBXBuildFile section */
		061F1BD52004884000A05E8E /* CowScene.swift in Sources */ = {isa = PBXBuildFile; fileRef = 061F1BD42004884000A05E8E /* CowScene.swift */; };
		061F1BD72004885500A05E8E /* CowScene.sks in Resources */ = {isa = PBXBuildFile; fileRef = 061F1BD62004885500A05E8E /* CowScene.sks */; };
		062510D01FC917EA00A8114D /* StartScene.sks in Resources */ = {isa = PBXBuildFile; fileRef = 062510CF1FC917EA00A8114D /* StartScene.sks */; };
		062510D21FC9184200A8114D /* StartScene.swift in Sources */ = {isa = PBXBuildFile; fileRef = 062510D11FC9184200A8114D /* StartScene.swift */; };
		062D7D2B1FD11E0100575A5B /* reminder_duck.mp3 in Resources */ = {isa = PBXBuildFile; fileRef = 062D7D2A1FD11E0100575A5B /* reminder_duck.mp3 */; };
		062D7D2D1FD11E3700575A5B /* reminder_cookie.mp3 in Resources */ = {isa = PBXBuildFile; fileRef = 062D7D2C1FD11E3700575A5B /* reminder_cookie.mp3 */; };
		062D7D2F1FD11E4C00575A5B /* crunch.wav in Resources */ = {isa = PBXBuildFile; fileRef = 062D7D2E1FD11E4C00575A5B /* crunch.wav */; };
		062D7D491FD125B600575A5B /* reminder_airplane.mp3 in Resources */ = {isa = PBXBuildFile; fileRef = 062D7D471FD125B500575A5B /* reminder_airplane.mp3 */; };
		062D7D4B1FD125E600575A5B /* AirplaneScene.sks in Resources */ = {isa = PBXBuildFile; fileRef = 062D7D4A1FD125E600575A5B /* AirplaneScene.sks */; };
		062D7D4D1FD125FB00575A5B /* AirplaneScene.swift in Sources */ = {isa = PBXBuildFile; fileRef = 062D7D4C1FD125FB00575A5B /* AirplaneScene.swift */; };
		062D7D521FD12C2F00575A5B /* airplane.mp3 in Resources */ = {isa = PBXBuildFile; fileRef = 062D7D511FD12C2E00575A5B /* airplane.mp3 */; };
		06427ED11FD9F2B3009C07ED /* find the giraffe.wav in Resources */ = {isa = PBXBuildFile; fileRef = 06427EC11FD9F2A9009C07ED /* find the giraffe.wav */; };
		06427ED21FD9F2B3009C07ED /* find the jacket.wav in Resources */ = {isa = PBXBuildFile; fileRef = 06427EC21FD9F2AA009C07ED /* find the jacket.wav */; };
		06427ED31FD9F2B3009C07ED /* find the cat.wav in Resources */ = {isa = PBXBuildFile; fileRef = 06427EC31FD9F2AA009C07ED /* find the cat.wav */; };
		06427ED41FD9F2B3009C07ED /* Find the glass.wav in Resources */ = {isa = PBXBuildFile; fileRef = 06427EC41FD9F2AB009C07ED /* Find the glass.wav */; };
		06427ED51FD9F2B3009C07ED /* find the dress.wav in Resources */ = {isa = PBXBuildFile; fileRef = 06427EC51FD9F2AC009C07ED /* find the dress.wav */; };
		06427ED61FD9F2B3009C07ED /* B.wav in Resources */ = {isa = PBXBuildFile; fileRef = 06427EC61FD9F2AC009C07ED /* B.wav */; };
		06427ED71FD9F2B3009C07ED /* Now it's time to play some music touch the yellow key.wav in Resources */ = {isa = PBXBuildFile; fileRef = 06427EC71FD9F2AD009C07ED /* Now it's time to play some music touch the yellow key.wav */; };
		06427ED81FD9F2B3009C07ED /* melody 3.wav in Resources */ = {isa = PBXBuildFile; fileRef = 06427EC81FD9F2AE009C07ED /* melody 3.wav */; };
		06427ED91FD9F2B3009C07ED /* melody 2.wav in Resources */ = {isa = PBXBuildFile; fileRef = 06427EC91FD9F2AE009C07ED /* melody 2.wav */; };
		06427EDA1FD9F2B3009C07ED /* Find the plate.wav in Resources */ = {isa = PBXBuildFile; fileRef = 06427ECA1FD9F2AF009C07ED /* Find the plate.wav */; };
		06427EDB1FD9F2B3009C07ED /* melody 1.wav in Resources */ = {isa = PBXBuildFile; fileRef = 06427ECB1FD9F2B0009C07ED /* melody 1.wav */; };
		06427EDC1FD9F2B3009C07ED /* D.wav in Resources */ = {isa = PBXBuildFile; fileRef = 06427ECC1FD9F2B1009C07ED /* D.wav */; };
		06427EDD1FD9F2B3009C07ED /* Are you ready for more Now find the bathtub.wav in Resources */ = {isa = PBXBuildFile; fileRef = 06427ECD1FD9F2B2009C07ED /* Are you ready for more Now find the bathtub.wav */; };
		06427EDE1FD9F2B3009C07ED /* G.wav in Resources */ = {isa = PBXBuildFile; fileRef = 06427ECE1FD9F2B2009C07ED /* G.wav */; };
		06427EDF1FD9F2B4009C07ED /* Find the shovel.wav in Resources */ = {isa = PBXBuildFile; fileRef = 06427ECF1FD9F2B3009C07ED /* Find the shovel.wav */; };
		06427EE01FD9F2B4009C07ED /* melody 4.wav in Resources */ = {isa = PBXBuildFile; fileRef = 06427ED01FD9F2B3009C07ED /* melody 4.wav */; };
		06427EE31FD9F30E009C07ED /* instructions_airplane.mp3 in Resources */ = {isa = PBXBuildFile; fileRef = 06427EE21FD9F30E009C07ED /* instructions_airplane.mp3 */; };
		06427EFC1FD9F421009C07ED /* PianoScene1.sks in Resources */ = {isa = PBXBuildFile; fileRef = 06427EFA1FD9F421009C07ED /* PianoScene1.sks */; };
		06427EFD1FD9F421009C07ED /* PianoScene1.swift in Sources */ = {isa = PBXBuildFile; fileRef = 06427EFB1FD9F421009C07ED /* PianoScene1.swift */; };
		06427F0B1FD9F868009C07ED /* PianoScene2.swift in Sources */ = {isa = PBXBuildFile; fileRef = 06427F091FD9F867009C07ED /* PianoScene2.swift */; };
		06427F0C1FD9F868009C07ED /* PianoScene2.sks in Resources */ = {isa = PBXBuildFile; fileRef = 06427F0A1FD9F868009C07ED /* PianoScene2.sks */; };
		06427F0F1FD9F876009C07ED /* PianoScene3.swift in Sources */ = {isa = PBXBuildFile; fileRef = 06427F0D1FD9F875009C07ED /* PianoScene3.swift */; };
		06427F101FD9F876009C07ED /* PianoScene3.sks in Resources */ = {isa = PBXBuildFile; fileRef = 06427F0E1FD9F876009C07ED /* PianoScene3.sks */; };
		06427F131FD9F880009C07ED /* PianoScene4.swift in Sources */ = {isa = PBXBuildFile; fileRef = 06427F111FD9F880009C07ED /* PianoScene4.swift */; };
		06427F141FD9F880009C07ED /* PianoScene4.sks in Resources */ = {isa = PBXBuildFile; fileRef = 06427F121FD9F880009C07ED /* PianoScene4.sks */; };
		06427F171FD9F88E009C07ED /* PianoScene5.sks in Resources */ = {isa = PBXBuildFile; fileRef = 06427F151FD9F88D009C07ED /* PianoScene5.sks */; };
		06427F181FD9F88E009C07ED /* PianoScene5.swift in Sources */ = {isa = PBXBuildFile; fileRef = 06427F161FD9F88D009C07ED /* PianoScene5.swift */; };
		06427F1B1FD9F898009C07ED /* PianoScene6.sks in Resources */ = {isa = PBXBuildFile; fileRef = 06427F191FD9F897009C07ED /* PianoScene6.sks */; };
		06427F1C1FD9F898009C07ED /* PianoScene6.swift in Sources */ = {isa = PBXBuildFile; fileRef = 06427F1A1FD9F898009C07ED /* PianoScene6.swift */; };
		06427F1F1FD9F8A0009C07ED /* PianoScene7.swift in Sources */ = {isa = PBXBuildFile; fileRef = 06427F1D1FD9F8A0009C07ED /* PianoScene7.swift */; };
		06427F201FD9F8A0009C07ED /* PianoScene7.sks in Resources */ = {isa = PBXBuildFile; fileRef = 06427F1E1FD9F8A0009C07ED /* PianoScene7.sks */; };
		06427F231FD9F8AD009C07ED /* PianoScene8.swift in Sources */ = {isa = PBXBuildFile; fileRef = 06427F211FD9F8AD009C07ED /* PianoScene8.swift */; };
		06427F241FD9F8AD009C07ED /* PianoScene8.sks in Resources */ = {isa = PBXBuildFile; fileRef = 06427F221FD9F8AD009C07ED /* PianoScene8.sks */; };
		06427F271FD9F8BA009C07ED /* PianoScene9.swift in Sources */ = {isa = PBXBuildFile; fileRef = 06427F251FD9F8B9009C07ED /* PianoScene9.swift */; };
		06427F281FD9F8BA009C07ED /* PianoScene9.sks in Resources */ = {isa = PBXBuildFile; fileRef = 06427F261FD9F8BA009C07ED /* PianoScene9.sks */; };
		06427F2B1FD9FCFE009C07ED /* reminder_boots.wav in Resources */ = {isa = PBXBuildFile; fileRef = 06427F2A1FD9FCFE009C07ED /* reminder_boots.wav */; };
		06427F2D1FD9FD06009C07ED /* instructions_boots.wav in Resources */ = {isa = PBXBuildFile; fileRef = 06427F2C1FD9FD06009C07ED /* instructions_boots.wav */; };
		06427F2F1FD9FD37009C07ED /* boots.wav in Resources */ = {isa = PBXBuildFile; fileRef = 06427F2E1FD9FD36009C07ED /* boots.wav */; };
		06427F311FD9FD59009C07ED /* BootsScene.sks in Resources */ = {isa = PBXBuildFile; fileRef = 06427F301FD9FD59009C07ED /* BootsScene.sks */; };
		06427F331FD9FD6B009C07ED /* BootsScene.swift in Sources */ = {isa = PBXBuildFile; fileRef = 06427F321FD9FD6B009C07ED /* BootsScene.swift */; };
		06427F371FDA01AC009C07ED /* mouse.wav in Resources */ = {isa = PBXBuildFile; fileRef = 06427F361FDA01AC009C07ED /* mouse.wav */; };
		06427F391FDA01B5009C07ED /* reminder_mouse.wav in Resources */ = {isa = PBXBuildFile; fileRef = 06427F381FDA01B5009C07ED /* reminder_mouse.wav */; };
		06427F3B1FDA01BC009C07ED /* instructions_mouse.wav in Resources */ = {isa = PBXBuildFile; fileRef = 06427F3A1FDA01BC009C07ED /* instructions_mouse.wav */; };
		06427F3D1FDA0206009C07ED /* MouseScene.swift in Sources */ = {isa = PBXBuildFile; fileRef = 06427F3C1FDA0206009C07ED /* MouseScene.swift */; };
		06427F3F1FDA0213009C07ED /* MouseScene.sks in Resources */ = {isa = PBXBuildFile; fileRef = 06427F3E1FDA0213009C07ED /* MouseScene.sks */; };
		06476DC31FC93F3E00B55906 /* CookieScene.sks in Resources */ = {isa = PBXBuildFile; fileRef = 06476DC21FC93F3E00B55906 /* CookieScene.sks */; };
		06476DC51FC93F4C00B55906 /* CookieScene.swift in Sources */ = {isa = PBXBuildFile; fileRef = 06476DC41FC93F4C00B55906 /* CookieScene.swift */; };
		06476DD21FC9434800B55906 /* instructions_cookie.mp3 in Resources */ = {isa = PBXBuildFile; fileRef = 06476DD11FC9434800B55906 /* instructions_cookie.mp3 */; };
		06476DD41FC9458E00B55906 /* ScoreScene.sks in Resources */ = {isa = PBXBuildFile; fileRef = 06476DD31FC9458E00B55906 /* ScoreScene.sks */; };
		06476DD61FC945F200B55906 /* ScoreScene.swift in Sources */ = {isa = PBXBuildFile; fileRef = 06476DD51FC945F200B55906 /* ScoreScene.swift */; };
		0669B8EC2004046E002D8CAC /* TrashScene.swift in Sources */ = {isa = PBXBuildFile; fileRef = 0669B8EB2004046E002D8CAC /* TrashScene.swift */; };
		0669B8EE20040486002D8CAC /* TrashScene.sks in Resources */ = {isa = PBXBuildFile; fileRef = 0669B8ED20040486002D8CAC /* TrashScene.sks */; };
		066C1B5120095C70002CE81D /* cow.wav in Resources */ = {isa = PBXBuildFile; fileRef = 066C1B5020095C6F002CE81D /* cow.wav */; };
		066C1B532009606E002CE81D /* reminder_cow.wav in Resources */ = {isa = PBXBuildFile; fileRef = 066C1B522009606D002CE81D /* reminder_cow.wav */; };
		066C1B552009607E002CE81D /* instructions_cow.wav in Resources */ = {isa = PBXBuildFile; fileRef = 066C1B542009607E002CE81D /* instructions_cow.wav */; };
		066C1B5D200960F7002CE81D /* reminder_spoon.wav in Resources */ = {isa = PBXBuildFile; fileRef = 066C1B5A200960F6002CE81D /* reminder_spoon.wav */; };
		066C1B5E200960F7002CE81D /* instructions_spoon.wav in Resources */ = {isa = PBXBuildFile; fileRef = 066C1B5B200960F6002CE81D /* instructions_spoon.wav */; };
		066C1B5F200960F7002CE81D /* spoon.wav in Resources */ = {isa = PBXBuildFile; fileRef = 066C1B5C200960F7002CE81D /* spoon.wav */; };
		066C1B6320096118002CE81D /* instructions_trash.wav in Resources */ = {isa = PBXBuildFile; fileRef = 066C1B6020096117002CE81D /* instructions_trash.wav */; };
		066C1B6420096118002CE81D /* reminder_trash.wav in Resources */ = {isa = PBXBuildFile; fileRef = 066C1B6120096117002CE81D /* reminder_trash.wav */; };
		066C1B6520096118002CE81D /* trash.wav in Resources */ = {isa = PBXBuildFile; fileRef = 066C1B6220096118002CE81D /* trash.wav */; };
		066DB6281FAE8F1500C68B36 /* AppDelegate.swift in Sources */ = {isa = PBXBuildFile; fileRef = 066DB6271FAE8F1500C68B36 /* AppDelegate.swift */; };
		066DB62A1FAE8F1500C68B36 /* DuckScene.sks in Resources */ = {isa = PBXBuildFile; fileRef = 066DB6291FAE8F1500C68B36 /* DuckScene.sks */; };
		066DB62E1FAE8F1500C68B36 /* DuckScene.swift in Sources */ = {isa = PBXBuildFile; fileRef = 066DB62D1FAE8F1500C68B36 /* DuckScene.swift */; };
		066DB6301FAE8F1500C68B36 /* GameViewController.swift in Sources */ = {isa = PBXBuildFile; fileRef = 066DB62F1FAE8F1500C68B36 /* GameViewController.swift */; };
		066DB6331FAE8F1500C68B36 /* Main.storyboard in Resources */ = {isa = PBXBuildFile; fileRef = 066DB6311FAE8F1500C68B36 /* Main.storyboard */; };
		066DB6381FAE8F1500C68B36 /* LaunchScreen.storyboard in Resources */ = {isa = PBXBuildFile; fileRef = 066DB6361FAE8F1500C68B36 /* LaunchScreen.storyboard */; };
		06812DBA1FBD05AF00F965E8 /* quack.mp3 in Resources */ = {isa = PBXBuildFile; fileRef = 06812DB91FBD05AF00F965E8 /* quack.mp3 */; };
		069DE7C420045B0100465399 /* SpoonScene.swift in Sources */ = {isa = PBXBuildFile; fileRef = 069DE7C320045B0100465399 /* SpoonScene.swift */; };
		069DE7C620045B0F00465399 /* SpoonScene.sks in Resources */ = {isa = PBXBuildFile; fileRef = 069DE7C520045B0F00465399 /* SpoonScene.sks */; };
		06B3C6E51FBCD46C00252DB6 /* Assets.xcassets in Resources */ = {isa = PBXBuildFile; fileRef = 06B3C6E41FBCD46C00252DB6 /* Assets.xcassets */; };
		06B3C6E71FBCFAD200252DB6 /* instructions_duck.mp3 in Resources */ = {isa = PBXBuildFile; fileRef = 06B3C6E61FBCFAD200252DB6 /* instructions_duck.mp3 */; };
		0BCA0A88201BCBFA00488E8E /* instructions_pizza.wav in Resources */ = {isa = PBXBuildFile; fileRef = 0BCA0A83201BCBFA00488E8E /* instructions_pizza.wav */; };
		0BCA0A89201BCBFA00488E8E /* Correct.wav in Resources */ = {isa = PBXBuildFile; fileRef = 0BCA0A84201BCBFA00488E8E /* Correct.wav */; };
		0BCA0A8A201BCBFA00488E8E /* instructions_egg.wav in Resources */ = {isa = PBXBuildFile; fileRef = 0BCA0A85201BCBFA00488E8E /* instructions_egg.wav */; };
		0BCA0A8B201BCBFA00488E8E /* instructions_hamburger.wav in Resources */ = {isa = PBXBuildFile; fileRef = 0BCA0A86201BCBFA00488E8E /* instructions_hamburger.wav */; };
		0BCA0A8C201BCBFA00488E8E /* instructions_bread.wav in Resources */ = {isa = PBXBuildFile; fileRef = 0BCA0A87201BCBFA00488E8E /* instructions_bread.wav */; };
		0BCA0A99201BCC2100488E8E /* Trainer_Hamburger.swift in Sources */ = {isa = PBXBuildFile; fileRef = 0BCA0A8E201BCC2100488E8E /* Trainer_Hamburger.swift */; };
		0BCA0A9A201BCC2100488E8E /* Trainer_Hamburger.sks in Resources */ = {isa = PBXBuildFile; fileRef = 0BCA0A8F201BCC2100488E8E /* Trainer_Hamburger.sks */; };
		0BCA0A9B201BCC2100488E8E /* Trainer_Bread.swift in Sources */ = {isa = PBXBuildFile; fileRef = 0BCA0A91201BCC2100488E8E /* Trainer_Bread.swift */; };
		0BCA0A9C201BCC2100488E8E /* Trainer_Bread.sks in Resources */ = {isa = PBXBuildFile; fileRef = 0BCA0A92201BCC2100488E8E /* Trainer_Bread.sks */; };
		0BCA0A9D201BCC2100488E8E /* Trainer_Egg.swift in Sources */ = {isa = PBXBuildFile; fileRef = 0BCA0A94201BCC2100488E8E /* Trainer_Egg.swift */; };
		0BCA0A9E201BCC2100488E8E /* Trainer_Egg.sks in Resources */ = {isa = PBXBuildFile; fileRef = 0BCA0A95201BCC2100488E8E /* Trainer_Egg.sks */; };
		0BCA0A9F201BCC2100488E8E /* Trainer_Pizza.swift in Sources */ = {isa = PBXBuildFile; fileRef = 0BCA0A97201BCC2100488E8E /* Trainer_Pizza.swift */; };
		0BCA0AA0201BCC2100488E8E /* Trainer_Pizza.sks in Resources */ = {isa = PBXBuildFile; fileRef = 0BCA0A98201BCC2100488E8E /* Trainer_Pizza.sks */; };
/* End PBXBuildFile section */

/* Begin PBXFileReference section */
		061F1BD42004884000A05E8E /* CowScene.swift */ = {isa = PBXFileReference; lastKnownFileType = sourcecode.swift; path = CowScene.swift; sourceTree = "<group>"; };
		061F1BD62004885500A05E8E /* CowScene.sks */ = {isa = PBXFileReference; lastKnownFileType = file.sks; path = CowScene.sks; sourceTree = "<group>"; };
		062510CF1FC917EA00A8114D /* StartScene.sks */ = {isa = PBXFileReference; lastKnownFileType = file.sks; path = StartScene.sks; sourceTree = "<group>"; };
		062510D11FC9184200A8114D /* StartScene.swift */ = {isa = PBXFileReference; lastKnownFileType = sourcecode.swift; path = StartScene.swift; sourceTree = "<group>"; };
		062D7D2A1FD11E0100575A5B /* reminder_duck.mp3 */ = {isa = PBXFileReference; lastKnownFileType = audio.mp3; path = reminder_duck.mp3; sourceTree = "<group>"; };
		062D7D2C1FD11E3700575A5B /* reminder_cookie.mp3 */ = {isa = PBXFileReference; lastKnownFileType = audio.mp3; path = reminder_cookie.mp3; sourceTree = "<group>"; };
		062D7D2E1FD11E4C00575A5B /* crunch.wav */ = {isa = PBXFileReference; lastKnownFileType = audio.wav; path = crunch.wav; sourceTree = "<group>"; };
		062D7D471FD125B500575A5B /* reminder_airplane.mp3 */ = {isa = PBXFileReference; lastKnownFileType = audio.mp3; path = reminder_airplane.mp3; sourceTree = "<group>"; };
		062D7D4A1FD125E600575A5B /* AirplaneScene.sks */ = {isa = PBXFileReference; lastKnownFileType = file.sks; path = AirplaneScene.sks; sourceTree = "<group>"; };
		062D7D4C1FD125FB00575A5B /* AirplaneScene.swift */ = {isa = PBXFileReference; lastKnownFileType = sourcecode.swift; path = AirplaneScene.swift; sourceTree = "<group>"; };
		062D7D511FD12C2E00575A5B /* airplane.mp3 */ = {isa = PBXFileReference; lastKnownFileType = audio.mp3; path = airplane.mp3; sourceTree = "<group>"; };
		06427EC11FD9F2A9009C07ED /* find the giraffe.wav */ = {isa = PBXFileReference; lastKnownFileType = audio.wav; path = "find the giraffe.wav"; sourceTree = "<group>"; };
		06427EC21FD9F2AA009C07ED /* find the jacket.wav */ = {isa = PBXFileReference; lastKnownFileType = audio.wav; path = "find the jacket.wav"; sourceTree = "<group>"; };
		06427EC31FD9F2AA009C07ED /* find the cat.wav */ = {isa = PBXFileReference; lastKnownFileType = audio.wav; path = "find the cat.wav"; sourceTree = "<group>"; };
		06427EC41FD9F2AB009C07ED /* Find the glass.wav */ = {isa = PBXFileReference; lastKnownFileType = audio.wav; path = "Find the glass.wav"; sourceTree = "<group>"; };
		06427EC51FD9F2AC009C07ED /* find the dress.wav */ = {isa = PBXFileReference; lastKnownFileType = audio.wav; path = "find the dress.wav"; sourceTree = "<group>"; };
		06427EC61FD9F2AC009C07ED /* B.wav */ = {isa = PBXFileReference; lastKnownFileType = audio.wav; path = B.wav; sourceTree = "<group>"; };
		06427EC71FD9F2AD009C07ED /* Now it's time to play some music touch the yellow key.wav */ = {isa = PBXFileReference; lastKnownFileType = audio.wav; path = "Now it's time to play some music touch the yellow key.wav"; sourceTree = "<group>"; };
		06427EC81FD9F2AE009C07ED /* melody 3.wav */ = {isa = PBXFileReference; lastKnownFileType = audio.wav; path = "melody 3.wav"; sourceTree = "<group>"; };
		06427EC91FD9F2AE009C07ED /* melody 2.wav */ = {isa = PBXFileReference; lastKnownFileType = audio.wav; path = "melody 2.wav"; sourceTree = "<group>"; };
		06427ECA1FD9F2AF009C07ED /* Find the plate.wav */ = {isa = PBXFileReference; lastKnownFileType = audio.wav; path = "Find the plate.wav"; sourceTree = "<group>"; };
		06427ECB1FD9F2B0009C07ED /* melody 1.wav */ = {isa = PBXFileReference; lastKnownFileType = audio.wav; path = "melody 1.wav"; sourceTree = "<group>"; };
		06427ECC1FD9F2B1009C07ED /* D.wav */ = {isa = PBXFileReference; lastKnownFileType = audio.wav; path = D.wav; sourceTree = "<group>"; };
		06427ECD1FD9F2B2009C07ED /* Are you ready for more Now find the bathtub.wav */ = {isa = PBXFileReference; lastKnownFileType = audio.wav; path = "Are you ready for more Now find the bathtub.wav"; sourceTree = "<group>"; };
		06427ECE1FD9F2B2009C07ED /* G.wav */ = {isa = PBXFileReference; lastKnownFileType = audio.wav; path = G.wav; sourceTree = "<group>"; };
		06427ECF1FD9F2B3009C07ED /* Find the shovel.wav */ = {isa = PBXFileReference; lastKnownFileType = audio.wav; path = "Find the shovel.wav"; sourceTree = "<group>"; };
		06427ED01FD9F2B3009C07ED /* melody 4.wav */ = {isa = PBXFileReference; lastKnownFileType = audio.wav; path = "melody 4.wav"; sourceTree = "<group>"; };
		06427EE21FD9F30E009C07ED /* instructions_airplane.mp3 */ = {isa = PBXFileReference; lastKnownFileType = audio.mp3; path = instructions_airplane.mp3; sourceTree = "<group>"; };
		06427EFA1FD9F421009C07ED /* PianoScene1.sks */ = {isa = PBXFileReference; lastKnownFileType = file.sks; path = PianoScene1.sks; sourceTree = "<group>"; };
		06427EFB1FD9F421009C07ED /* PianoScene1.swift */ = {isa = PBXFileReference; fileEncoding = 4; lastKnownFileType = sourcecode.swift; path = PianoScene1.swift; sourceTree = "<group>"; };
		06427F091FD9F867009C07ED /* PianoScene2.swift */ = {isa = PBXFileReference; fileEncoding = 4; lastKnownFileType = sourcecode.swift; path = PianoScene2.swift; sourceTree = "<group>"; };
		06427F0A1FD9F868009C07ED /* PianoScene2.sks */ = {isa = PBXFileReference; lastKnownFileType = file.sks; path = PianoScene2.sks; sourceTree = "<group>"; };
		06427F0D1FD9F875009C07ED /* PianoScene3.swift */ = {isa = PBXFileReference; fileEncoding = 4; lastKnownFileType = sourcecode.swift; path = PianoScene3.swift; sourceTree = "<group>"; };
		06427F0E1FD9F876009C07ED /* PianoScene3.sks */ = {isa = PBXFileReference; lastKnownFileType = file.sks; path = PianoScene3.sks; sourceTree = "<group>"; };
		06427F111FD9F880009C07ED /* PianoScene4.swift */ = {isa = PBXFileReference; fileEncoding = 4; lastKnownFileType = sourcecode.swift; path = PianoScene4.swift; sourceTree = "<group>"; };
		06427F121FD9F880009C07ED /* PianoScene4.sks */ = {isa = PBXFileReference; lastKnownFileType = file.sks; path = PianoScene4.sks; sourceTree = "<group>"; };
		06427F151FD9F88D009C07ED /* PianoScene5.sks */ = {isa = PBXFileReference; lastKnownFileType = file.sks; path = PianoScene5.sks; sourceTree = "<group>"; };
		06427F161FD9F88D009C07ED /* PianoScene5.swift */ = {isa = PBXFileReference; fileEncoding = 4; lastKnownFileType = sourcecode.swift; path = PianoScene5.swift; sourceTree = "<group>"; };
		06427F191FD9F897009C07ED /* PianoScene6.sks */ = {isa = PBXFileReference; lastKnownFileType = file.sks; path = PianoScene6.sks; sourceTree = "<group>"; };
		06427F1A1FD9F898009C07ED /* PianoScene6.swift */ = {isa = PBXFileReference; fileEncoding = 4; lastKnownFileType = sourcecode.swift; path = PianoScene6.swift; sourceTree = "<group>"; };
		06427F1D1FD9F8A0009C07ED /* PianoScene7.swift */ = {isa = PBXFileReference; fileEncoding = 4; lastKnownFileType = sourcecode.swift; path = PianoScene7.swift; sourceTree = "<group>"; };
		06427F1E1FD9F8A0009C07ED /* PianoScene7.sks */ = {isa = PBXFileReference; lastKnownFileType = file.sks; path = PianoScene7.sks; sourceTree = "<group>"; };
		06427F211FD9F8AD009C07ED /* PianoScene8.swift */ = {isa = PBXFileReference; fileEncoding = 4; lastKnownFileType = sourcecode.swift; path = PianoScene8.swift; sourceTree = "<group>"; };
		06427F221FD9F8AD009C07ED /* PianoScene8.sks */ = {isa = PBXFileReference; lastKnownFileType = file.sks; path = PianoScene8.sks; sourceTree = "<group>"; };
		06427F251FD9F8B9009C07ED /* PianoScene9.swift */ = {isa = PBXFileReference; fileEncoding = 4; lastKnownFileType = sourcecode.swift; path = PianoScene9.swift; sourceTree = "<group>"; };
		06427F261FD9F8BA009C07ED /* PianoScene9.sks */ = {isa = PBXFileReference; lastKnownFileType = file.sks; path = PianoScene9.sks; sourceTree = "<group>"; };
		06427F2A1FD9FCFE009C07ED /* reminder_boots.wav */ = {isa = PBXFileReference; lastKnownFileType = audio.wav; path = reminder_boots.wav; sourceTree = "<group>"; };
		06427F2C1FD9FD06009C07ED /* instructions_boots.wav */ = {isa = PBXFileReference; lastKnownFileType = audio.wav; path = instructions_boots.wav; sourceTree = "<group>"; };
		06427F2E1FD9FD36009C07ED /* boots.wav */ = {isa = PBXFileReference; lastKnownFileType = audio.wav; path = boots.wav; sourceTree = "<group>"; };
		06427F301FD9FD59009C07ED /* BootsScene.sks */ = {isa = PBXFileReference; lastKnownFileType = file.sks; path = BootsScene.sks; sourceTree = "<group>"; };
		06427F321FD9FD6B009C07ED /* BootsScene.swift */ = {isa = PBXFileReference; lastKnownFileType = sourcecode.swift; path = BootsScene.swift; sourceTree = "<group>"; };
		06427F361FDA01AC009C07ED /* mouse.wav */ = {isa = PBXFileReference; lastKnownFileType = audio.wav; path = mouse.wav; sourceTree = "<group>"; };
		06427F381FDA01B5009C07ED /* reminder_mouse.wav */ = {isa = PBXFileReference; lastKnownFileType = audio.wav; path = reminder_mouse.wav; sourceTree = "<group>"; };
		06427F3A1FDA01BC009C07ED /* instructions_mouse.wav */ = {isa = PBXFileReference; lastKnownFileType = audio.wav; path = instructions_mouse.wav; sourceTree = "<group>"; };
		06427F3C1FDA0206009C07ED /* MouseScene.swift */ = {isa = PBXFileReference; lastKnownFileType = sourcecode.swift; path = MouseScene.swift; sourceTree = "<group>"; };
		06427F3E1FDA0213009C07ED /* MouseScene.sks */ = {isa = PBXFileReference; lastKnownFileType = file.sks; path = MouseScene.sks; sourceTree = "<group>"; };
		06476DC21FC93F3E00B55906 /* CookieScene.sks */ = {isa = PBXFileReference; lastKnownFileType = file.sks; path = CookieScene.sks; sourceTree = "<group>"; };
		06476DC41FC93F4C00B55906 /* CookieScene.swift */ = {isa = PBXFileReference; lastKnownFileType = sourcecode.swift; path = CookieScene.swift; sourceTree = "<group>"; };
		06476DD11FC9434800B55906 /* instructions_cookie.mp3 */ = {isa = PBXFileReference; lastKnownFileType = audio.mp3; path = instructions_cookie.mp3; sourceTree = "<group>"; };
		06476DD31FC9458E00B55906 /* ScoreScene.sks */ = {isa = PBXFileReference; lastKnownFileType = file.sks; path = ScoreScene.sks; sourceTree = "<group>"; };
		06476DD51FC945F200B55906 /* ScoreScene.swift */ = {isa = PBXFileReference; lastKnownFileType = sourcecode.swift; path = ScoreScene.swift; sourceTree = "<group>"; };
		0669B8EB2004046E002D8CAC /* TrashScene.swift */ = {isa = PBXFileReference; lastKnownFileType = sourcecode.swift; path = TrashScene.swift; sourceTree = "<group>"; };
		0669B8ED20040486002D8CAC /* TrashScene.sks */ = {isa = PBXFileReference; lastKnownFileType = file.sks; path = TrashScene.sks; sourceTree = "<group>"; };
		066C1B5020095C6F002CE81D /* cow.wav */ = {isa = PBXFileReference; lastKnownFileType = audio.wav; path = cow.wav; sourceTree = "<group>"; };
		066C1B522009606D002CE81D /* reminder_cow.wav */ = {isa = PBXFileReference; lastKnownFileType = audio.wav; path = reminder_cow.wav; sourceTree = "<group>"; };
		066C1B542009607E002CE81D /* instructions_cow.wav */ = {isa = PBXFileReference; lastKnownFileType = audio.wav; path = instructions_cow.wav; sourceTree = "<group>"; };
		066C1B5A200960F6002CE81D /* reminder_spoon.wav */ = {isa = PBXFileReference; lastKnownFileType = audio.wav; path = reminder_spoon.wav; sourceTree = "<group>"; };
		066C1B5B200960F6002CE81D /* instructions_spoon.wav */ = {isa = PBXFileReference; lastKnownFileType = audio.wav; path = instructions_spoon.wav; sourceTree = "<group>"; };
		066C1B5C200960F7002CE81D /* spoon.wav */ = {isa = PBXFileReference; lastKnownFileType = audio.wav; path = spoon.wav; sourceTree = "<group>"; };
		066C1B6020096117002CE81D /* instructions_trash.wav */ = {isa = PBXFileReference; lastKnownFileType = audio.wav; path = instructions_trash.wav; sourceTree = "<group>"; };
		066C1B6120096117002CE81D /* reminder_trash.wav */ = {isa = PBXFileReference; lastKnownFileType = audio.wav; path = reminder_trash.wav; sourceTree = "<group>"; };
		066C1B6220096118002CE81D /* trash.wav */ = {isa = PBXFileReference; lastKnownFileType = audio.wav; path = trash.wav; sourceTree = "<group>"; };
		066DB6241FAE8F1500C68B36 /* DuckColoringGame.app */ = {isa = PBXFileReference; explicitFileType = wrapper.application; includeInIndex = 0; path = DuckColoringGame.app; sourceTree = BUILT_PRODUCTS_DIR; };
		066DB6271FAE8F1500C68B36 /* AppDelegate.swift */ = {isa = PBXFileReference; lastKnownFileType = sourcecode.swift; path = AppDelegate.swift; sourceTree = "<group>"; };
		066DB6291FAE8F1500C68B36 /* DuckScene.sks */ = {isa = PBXFileReference; lastKnownFileType = file.sks; path = DuckScene.sks; sourceTree = "<group>"; };
		066DB62D1FAE8F1500C68B36 /* DuckScene.swift */ = {isa = PBXFileReference; lastKnownFileType = sourcecode.swift; path = DuckScene.swift; sourceTree = "<group>"; };
		066DB62F1FAE8F1500C68B36 /* GameViewController.swift */ = {isa = PBXFileReference; lastKnownFileType = sourcecode.swift; path = GameViewController.swift; sourceTree = "<group>"; };
		066DB6321FAE8F1500C68B36 /* Base */ = {isa = PBXFileReference; lastKnownFileType = file.storyboard; name = Base; path = Base.lproj/Main.storyboard; sourceTree = "<group>"; };
		066DB6371FAE8F1500C68B36 /* Base */ = {isa = PBXFileReference; lastKnownFileType = file.storyboard; name = Base; path = Base.lproj/LaunchScreen.storyboard; sourceTree = "<group>"; };
		066DB6391FAE8F1500C68B36 /* Info.plist */ = {isa = PBXFileReference; lastKnownFileType = text.plist.xml; path = Info.plist; sourceTree = "<group>"; };
		06812DB91FBD05AF00F965E8 /* quack.mp3 */ = {isa = PBXFileReference; lastKnownFileType = audio.mp3; path = quack.mp3; sourceTree = "<group>"; };
		069DE7C320045B0100465399 /* SpoonScene.swift */ = {isa = PBXFileReference; lastKnownFileType = sourcecode.swift; path = SpoonScene.swift; sourceTree = "<group>"; };
		069DE7C520045B0F00465399 /* SpoonScene.sks */ = {isa = PBXFileReference; lastKnownFileType = file.sks; path = SpoonScene.sks; sourceTree = "<group>"; };
		06B3C6E41FBCD46C00252DB6 /* Assets.xcassets */ = {isa = PBXFileReference; lastKnownFileType = folder.assetcatalog; path = Assets.xcassets; sourceTree = "<group>"; };
		06B3C6E61FBCFAD200252DB6 /* instructions_duck.mp3 */ = {isa = PBXFileReference; lastKnownFileType = audio.mp3; path = instructions_duck.mp3; sourceTree = "<group>"; };
		0BCA0A83201BCBFA00488E8E /* instructions_pizza.wav */ = {isa = PBXFileReference; lastKnownFileType = audio.wav; path = instructions_pizza.wav; sourceTree = "<group>"; };
		0BCA0A84201BCBFA00488E8E /* Correct.wav */ = {isa = PBXFileReference; lastKnownFileType = audio.wav; path = Correct.wav; sourceTree = "<group>"; };
		0BCA0A85201BCBFA00488E8E /* instructions_egg.wav */ = {isa = PBXFileReference; lastKnownFileType = audio.wav; path = instructions_egg.wav; sourceTree = "<group>"; };
		0BCA0A86201BCBFA00488E8E /* instructions_hamburger.wav */ = {isa = PBXFileReference; lastKnownFileType = audio.wav; path = instructions_hamburger.wav; sourceTree = "<group>"; };
		0BCA0A87201BCBFA00488E8E /* instructions_bread.wav */ = {isa = PBXFileReference; lastKnownFileType = audio.wav; path = instructions_bread.wav; sourceTree = "<group>"; };
		0BCA0A8E201BCC2100488E8E /* Trainer_Hamburger.swift */ = {isa = PBXFileReference; fileEncoding = 4; lastKnownFileType = sourcecode.swift; path = Trainer_Hamburger.swift; sourceTree = "<group>"; };
		0BCA0A8F201BCC2100488E8E /* Trainer_Hamburger.sks */ = {isa = PBXFileReference; lastKnownFileType = file.sks; path = Trainer_Hamburger.sks; sourceTree = "<group>"; };
		0BCA0A91201BCC2100488E8E /* Trainer_Bread.swift */ = {isa = PBXFileReference; fileEncoding = 4; lastKnownFileType = sourcecode.swift; path = Trainer_Bread.swift; sourceTree = "<group>"; };
		0BCA0A92201BCC2100488E8E /* Trainer_Bread.sks */ = {isa = PBXFileReference; lastKnownFileType = file.sks; path = Trainer_Bread.sks; sourceTree = "<group>"; };
		0BCA0A94201BCC2100488E8E /* Trainer_Egg.swift */ = {isa = PBXFileReference; fileEncoding = 4; lastKnownFileType = sourcecode.swift; path = Trainer_Egg.swift; sourceTree = "<group>"; };
		0BCA0A95201BCC2100488E8E /* Trainer_Egg.sks */ = {isa = PBXFileReference; lastKnownFileType = file.sks; path = Trainer_Egg.sks; sourceTree = "<group>"; };
		0BCA0A97201BCC2100488E8E /* Trainer_Pizza.swift */ = {isa = PBXFileReference; fileEncoding = 4; lastKnownFileType = sourcecode.swift; path = Trainer_Pizza.swift; sourceTree = "<group>"; };
		0BCA0A98201BCC2100488E8E /* Trainer_Pizza.sks */ = {isa = PBXFileReference; lastKnownFileType = file.sks; path = Trainer_Pizza.sks; sourceTree = "<group>"; };
/* End PBXFileReference section */

/* Begin PBXFrameworksBuildPhase section */
		066DB6211FAE8F1500C68B36 /* Frameworks */ = {
			isa = PBXFrameworksBuildPhase;
			buildActionMask = 2147483647;
			files = (
			);
			runOnlyForDeploymentPostprocessing = 0;
		};
/* End PBXFrameworksBuildPhase section */

/* Begin PBXGroup section */
		061F1BD82004885B00A05E8E /* CowScene */ = {
			isa = PBXGroup;
			children = (
				061F1BD42004884000A05E8E /* CowScene.swift */,
				061F1BD62004885500A05E8E /* CowScene.sks */,
			);
			path = CowScene;
			sourceTree = "<group>";
		};
		061F1BDF20048A7F00A05E8E /* Cow */ = {
			isa = PBXGroup;
			children = (
				066C1B542009607E002CE81D /* instructions_cow.wav */,
				066C1B522009606D002CE81D /* reminder_cow.wav */,
				066C1B5020095C6F002CE81D /* cow.wav */,
			);
			path = Cow;
			sourceTree = "<group>";
		};
		062D7D4E1FD1260A00575A5B /* AirplaneScene */ = {
			isa = PBXGroup;
			children = (
				062D7D4C1FD125FB00575A5B /* AirplaneScene.swift */,
				062D7D4A1FD125E600575A5B /* AirplaneScene.sks */,
			);
			path = AirplaneScene;
			sourceTree = "<group>";
		};
		06427EE11FD9F2BD009C07ED /* PianoGame */ = {
			isa = PBXGroup;
			children = (
				06427EC61FD9F2AC009C07ED /* B.wav */,
				06427ECC1FD9F2B1009C07ED /* D.wav */,
				06427ECE1FD9F2B2009C07ED /* G.wav */,
				06427EC71FD9F2AD009C07ED /* Now it's time to play some music touch the yellow key.wav */,
				06427ECD1FD9F2B2009C07ED /* Are you ready for more Now find the bathtub.wav */,
				06427ECA1FD9F2AF009C07ED /* Find the plate.wav */,
				06427EC41FD9F2AB009C07ED /* Find the glass.wav */,
				06427ECF1FD9F2B3009C07ED /* Find the shovel.wav */,
				06427EC21FD9F2AA009C07ED /* find the jacket.wav */,
				06427EC11FD9F2A9009C07ED /* find the giraffe.wav */,
				06427EC51FD9F2AC009C07ED /* find the dress.wav */,
				06427EC31FD9F2AA009C07ED /* find the cat.wav */,
				06427ECB1FD9F2B0009C07ED /* melody 1.wav */,
				06427EC91FD9F2AE009C07ED /* melody 2.wav */,
				06427EC81FD9F2AE009C07ED /* melody 3.wav */,
				06427ED01FD9F2B3009C07ED /* melody 4.wav */,
			);
			path = PianoGame;
			sourceTree = "<group>";
		};
		06427EE41FD9F320009C07ED /* ColoringGame */ = {
			isa = PBXGroup;
			children = (
				061F1BDF20048A7F00A05E8E /* Cow */,
				069DE7CE20045BC200465399 /* Spoon */,
				0669B90420040840002D8CAC /* Trash */,
				06427F351FDA0190009C07ED /* Mouse */,
				06427F291FD9FCED009C07ED /* Boots */,
				06427EE51FD9F337009C07ED /* Airplane */,
				06427EE61FD9F341009C07ED /* Cookie */,
				06427EE71FD9F352009C07ED /* Duck */,
			);
			path = ColoringGame;
			sourceTree = "<group>";
		};
		06427EE51FD9F337009C07ED /* Airplane */ = {
			isa = PBXGroup;
			children = (
				062D7D511FD12C2E00575A5B /* airplane.mp3 */,
				06427EE21FD9F30E009C07ED /* instructions_airplane.mp3 */,
				062D7D471FD125B500575A5B /* reminder_airplane.mp3 */,
			);
			path = Airplane;
			sourceTree = "<group>";
		};
		06427EE61FD9F341009C07ED /* Cookie */ = {
			isa = PBXGroup;
			children = (
				062D7D2C1FD11E3700575A5B /* reminder_cookie.mp3 */,
				062D7D2E1FD11E4C00575A5B /* crunch.wav */,
				06476DD11FC9434800B55906 /* instructions_cookie.mp3 */,
			);
			path = Cookie;
			sourceTree = "<group>";
		};
		06427EE71FD9F352009C07ED /* Duck */ = {
			isa = PBXGroup;
			children = (
				062D7D2A1FD11E0100575A5B /* reminder_duck.mp3 */,
				06B3C6E61FBCFAD200252DB6 /* instructions_duck.mp3 */,
				06812DB91FBD05AF00F965E8 /* quack.mp3 */,
			);
			path = Duck;
			sourceTree = "<group>";
		};
		06427EFE1FD9F43B009C07ED /* Scene1 */ = {
			isa = PBXGroup;
			children = (
				06427EFA1FD9F421009C07ED /* PianoScene1.sks */,
				06427EFB1FD9F421009C07ED /* PianoScene1.swift */,
			);
			path = Scene1;
			sourceTree = "<group>";
		};
		06427EFF1FD9F453009C07ED /* ColoringGame */ = {
			isa = PBXGroup;
			children = (
				061F1BD82004885B00A05E8E /* CowScene */,
				069DE7C720045B1500465399 /* SpoonScene */,
				0669B8EF20040494002D8CAC /* TrashScene */,
				06427F401FDA0218009C07ED /* MouseScene */,
				06427F341FD9FD73009C07ED /* BootsScene */,
				062D7D4E1FD1260A00575A5B /* AirplaneScene */,
				06476DC61FC93F5C00B55906 /* CookieScene */,
				06476DC01FC93C6100B55906 /* DuckScene */,
			);
			path = ColoringGame;
			sourceTree = "<group>";
		};
		06427F001FD9F461009C07ED /* PianoGame */ = {
			isa = PBXGroup;
			children = (
				06427F081FD9F85C009C07ED /* Scene9 */,
				06427F071FD9F857009C07ED /* Scene8 */,
				06427F061FD9F852009C07ED /* Scene7 */,
				06427F051FD9F84A009C07ED /* Scene6 */,
				06427F041FD9F844009C07ED /* Scene5 */,
				06427F031FD9F83C009C07ED /* Scene4 */,
				06427F021FD9F837009C07ED /* Scene3 */,
				06427F011FD9F82B009C07ED /* Scene2 */,
				06427EFE1FD9F43B009C07ED /* Scene1 */,
			);
			path = PianoGame;
			sourceTree = "<group>";
		};
		06427F011FD9F82B009C07ED /* Scene2 */ = {
			isa = PBXGroup;
			children = (
				06427F0A1FD9F868009C07ED /* PianoScene2.sks */,
				06427F091FD9F867009C07ED /* PianoScene2.swift */,
			);
			path = Scene2;
			sourceTree = "<group>";
		};
		06427F021FD9F837009C07ED /* Scene3 */ = {
			isa = PBXGroup;
			children = (
				06427F0E1FD9F876009C07ED /* PianoScene3.sks */,
				06427F0D1FD9F875009C07ED /* PianoScene3.swift */,
			);
			path = Scene3;
			sourceTree = "<group>";
		};
		06427F031FD9F83C009C07ED /* Scene4 */ = {
			isa = PBXGroup;
			children = (
				06427F121FD9F880009C07ED /* PianoScene4.sks */,
				06427F111FD9F880009C07ED /* PianoScene4.swift */,
			);
			path = Scene4;
			sourceTree = "<group>";
		};
		06427F041FD9F844009C07ED /* Scene5 */ = {
			isa = PBXGroup;
			children = (
				06427F151FD9F88D009C07ED /* PianoScene5.sks */,
				06427F161FD9F88D009C07ED /* PianoScene5.swift */,
			);
			path = Scene5;
			sourceTree = "<group>";
		};
		06427F051FD9F84A009C07ED /* Scene6 */ = {
			isa = PBXGroup;
			children = (
				06427F191FD9F897009C07ED /* PianoScene6.sks */,
				06427F1A1FD9F898009C07ED /* PianoScene6.swift */,
			);
			path = Scene6;
			sourceTree = "<group>";
		};
		06427F061FD9F852009C07ED /* Scene7 */ = {
			isa = PBXGroup;
			children = (
				06427F1E1FD9F8A0009C07ED /* PianoScene7.sks */,
				06427F1D1FD9F8A0009C07ED /* PianoScene7.swift */,
			);
			path = Scene7;
			sourceTree = "<group>";
		};
		06427F071FD9F857009C07ED /* Scene8 */ = {
			isa = PBXGroup;
			children = (
				06427F221FD9F8AD009C07ED /* PianoScene8.sks */,
				06427F211FD9F8AD009C07ED /* PianoScene8.swift */,
			);
			path = Scene8;
			sourceTree = "<group>";
		};
		06427F081FD9F85C009C07ED /* Scene9 */ = {
			isa = PBXGroup;
			children = (
				06427F261FD9F8BA009C07ED /* PianoScene9.sks */,
				06427F251FD9F8B9009C07ED /* PianoScene9.swift */,
			);
			path = Scene9;
			sourceTree = "<group>";
		};
		06427F291FD9FCED009C07ED /* Boots */ = {
			isa = PBXGroup;
			children = (
				06427F2E1FD9FD36009C07ED /* boots.wav */,
				06427F2A1FD9FCFE009C07ED /* reminder_boots.wav */,
				06427F2C1FD9FD06009C07ED /* instructions_boots.wav */,
			);
			path = Boots;
			sourceTree = "<group>";
		};
		06427F341FD9FD73009C07ED /* BootsScene */ = {
			isa = PBXGroup;
			children = (
				06427F321FD9FD6B009C07ED /* BootsScene.swift */,
				06427F301FD9FD59009C07ED /* BootsScene.sks */,
			);
			path = BootsScene;
			sourceTree = "<group>";
		};
		06427F351FDA0190009C07ED /* Mouse */ = {
			isa = PBXGroup;
			children = (
				06427F361FDA01AC009C07ED /* mouse.wav */,
				06427F381FDA01B5009C07ED /* reminder_mouse.wav */,
				06427F3A1FDA01BC009C07ED /* instructions_mouse.wav */,
			);
			path = Mouse;
			sourceTree = "<group>";
		};
		06427F401FDA0218009C07ED /* MouseScene */ = {
			isa = PBXGroup;
			children = (
				06427F3C1FDA0206009C07ED /* MouseScene.swift */,
				06427F3E1FDA0213009C07ED /* MouseScene.sks */,
			);
			path = MouseScene;
			sourceTree = "<group>";
		};
		06476DC01FC93C6100B55906 /* DuckScene */ = {
			isa = PBXGroup;
			children = (
				066DB6291FAE8F1500C68B36 /* DuckScene.sks */,
				066DB62D1FAE8F1500C68B36 /* DuckScene.swift */,
			);
			name = DuckScene;
			path = "New Group";
			sourceTree = "<group>";
		};
		06476DC11FC93C7100B55906 /* StartScene */ = {
			isa = PBXGroup;
			children = (
				062510D11FC9184200A8114D /* StartScene.swift */,
				062510CF1FC917EA00A8114D /* StartScene.sks */,
			);
			path = StartScene;
			sourceTree = "<group>";
		};
		06476DC61FC93F5C00B55906 /* CookieScene */ = {
			isa = PBXGroup;
			children = (
				06476DC21FC93F3E00B55906 /* CookieScene.sks */,
				06476DC41FC93F4C00B55906 /* CookieScene.swift */,
			);
			path = CookieScene;
			sourceTree = "<group>";
		};
		06476DD71FC945F600B55906 /* ScoreScene */ = {
			isa = PBXGroup;
			children = (
				06476DD31FC9458E00B55906 /* ScoreScene.sks */,
				06476DD51FC945F200B55906 /* ScoreScene.swift */,
			);
			path = ScoreScene;
			sourceTree = "<group>";
		};
		0657C65F1FC1F7F3002FC12D /* Audio */ = {
			isa = PBXGroup;
			children = (
				0BCA0A82201BCBFA00488E8E /* ColoringGame_Training */,
				06427EE41FD9F320009C07ED /* ColoringGame */,
				06427EE11FD9F2BD009C07ED /* PianoGame */,
			);
			path = Audio;
			sourceTree = "<group>";
		};
		0669B8EF20040494002D8CAC /* TrashScene */ = {
			isa = PBXGroup;
			children = (
				0669B8EB2004046E002D8CAC /* TrashScene.swift */,
				0669B8ED20040486002D8CAC /* TrashScene.sks */,
			);
			path = TrashScene;
			sourceTree = "<group>";
		};
		0669B90420040840002D8CAC /* Trash */ = {
			isa = PBXGroup;
			children = (
				066C1B6020096117002CE81D /* instructions_trash.wav */,
				066C1B6120096117002CE81D /* reminder_trash.wav */,
				066C1B6220096118002CE81D /* trash.wav */,
			);
			path = Trash;
			sourceTree = "<group>";
		};
		066DB61B1FAE8F1400C68B36 = {
			isa = PBXGroup;
			children = (
				066DB6261FAE8F1500C68B36 /* DuckColoringGame */,
				066DB6251FAE8F1500C68B36 /* Products */,
			);
			sourceTree = "<group>";
		};
		066DB6251FAE8F1500C68B36 /* Products */ = {
			isa = PBXGroup;
			children = (
				066DB6241FAE8F1500C68B36 /* DuckColoringGame.app */,
			);
			name = Products;
			sourceTree = "<group>";
		};
		066DB6261FAE8F1500C68B36 /* DuckColoringGame */ = {
			isa = PBXGroup;
			children = (
				066DB6271FAE8F1500C68B36 /* AppDelegate.swift */,
				066DB62F1FAE8F1500C68B36 /* GameViewController.swift */,
				066DB6311FAE8F1500C68B36 /* Main.storyboard */,
				0B28BEE0200C895D00B1D01E /* ColoringGame_Trainer */,
				06476DD71FC945F600B55906 /* ScoreScene */,
				06427F001FD9F461009C07ED /* PianoGame */,
				06427EFF1FD9F453009C07ED /* ColoringGame */,
				06476DC11FC93C7100B55906 /* StartScene */,
				0657C65F1FC1F7F3002FC12D /* Audio */,
				06B3C6E41FBCD46C00252DB6 /* Assets.xcassets */,
				066DB6361FAE8F1500C68B36 /* LaunchScreen.storyboard */,
				066DB6391FAE8F1500C68B36 /* Info.plist */,
			);
			path = DuckColoringGame;
			sourceTree = "<group>";
		};
		069DE7C720045B1500465399 /* SpoonScene */ = {
			isa = PBXGroup;
			children = (
				069DE7C320045B0100465399 /* SpoonScene.swift */,
				069DE7C520045B0F00465399 /* SpoonScene.sks */,
			);
			path = SpoonScene;
			sourceTree = "<group>";
		};
		069DE7CE20045BC200465399 /* Spoon */ = {
			isa = PBXGroup;
			children = (
				066C1B5B200960F6002CE81D /* instructions_spoon.wav */,
				066C1B5A200960F6002CE81D /* reminder_spoon.wav */,
				066C1B5C200960F7002CE81D /* spoon.wav */,
			);
			path = Spoon;
			sourceTree = "<group>";
		};
		0B28BEE0200C895D00B1D01E /* ColoringGame_Trainer */ = {
			isa = PBXGroup;
			children = (
				0BCA0A93201BCC2100488E8E /* Egg */,
				0BCA0A90201BCC2100488E8E /* Bread */,
				0BCA0A96201BCC2100488E8E /* Pizza */,
				0BCA0A8D201BCC2100488E8E /* Burger */,
			);
			path = ColoringGame_Trainer;
			sourceTree = "<group>";
		};
		0BCA0A82201BCBFA00488E8E /* ColoringGame_Training */ = {
			isa = PBXGroup;
			children = (
				0BCA0A83201BCBFA00488E8E /* instructions_pizza.wav */,
				0BCA0A84201BCBFA00488E8E /* Correct.wav */,
				0BCA0A85201BCBFA00488E8E /* instructions_egg.wav */,
				0BCA0A86201BCBFA00488E8E /* instructions_hamburger.wav */,
				0BCA0A87201BCBFA00488E8E /* instructions_bread.wav */,
			);
			name = ColoringGame_Training;
			path = ../../../../Archive/ColoringGame_Training;
			sourceTree = "<group>";
		};
		0BCA0A8D201BCC2100488E8E /* Burger */ = {
			isa = PBXGroup;
			children = (
				0BCA0A8E201BCC2100488E8E /* Trainer_Hamburger.swift */,
				0BCA0A8F201BCC2100488E8E /* Trainer_Hamburger.sks */,
			);
			path = Burger;
			sourceTree = "<group>";
		};
		0BCA0A90201BCC2100488E8E /* Bread */ = {
			isa = PBXGroup;
			children = (
				0BCA0A91201BCC2100488E8E /* Trainer_Bread.swift */,
				0BCA0A92201BCC2100488E8E /* Trainer_Bread.sks */,
			);
			path = Bread;
			sourceTree = "<group>";
		};
		0BCA0A93201BCC2100488E8E /* Egg */ = {
			isa = PBXGroup;
			children = (
				0BCA0A94201BCC2100488E8E /* Trainer_Egg.swift */,
				0BCA0A95201BCC2100488E8E /* Trainer_Egg.sks */,
			);
			name = Egg;
			path = ../../../../ColoringGame_Trainer/Egg;
			sourceTree = "<group>";
		};
		0BCA0A96201BCC2100488E8E /* Pizza */ = {
			isa = PBXGroup;
			children = (
				0BCA0A97201BCC2100488E8E /* Trainer_Pizza.swift */,
				0BCA0A98201BCC2100488E8E /* Trainer_Pizza.sks */,
			);
			path = Pizza;
			sourceTree = "<group>";
		};
/* End PBXGroup section */

/* Begin PBXNativeTarget section */
		066DB6231FAE8F1500C68B36 /* DuckColoringGame */ = {
			isa = PBXNativeTarget;
			buildConfigurationList = 066DB63C1FAE8F1500C68B36 /* Build configuration list for PBXNativeTarget "DuckColoringGame" */;
			buildPhases = (
				066DB6201FAE8F1500C68B36 /* Sources */,
				066DB6211FAE8F1500C68B36 /* Frameworks */,
				066DB6221FAE8F1500C68B36 /* Resources */,
			);
			buildRules = (
			);
			dependencies = (
			);
			name = DuckColoringGame;
			productName = DuckColoringGame;
			productReference = 066DB6241FAE8F1500C68B36 /* DuckColoringGame.app */;
			productType = "com.apple.product-type.application";
		};
/* End PBXNativeTarget section */

/* Begin PBXProject section */
		066DB61C1FAE8F1400C68B36 /* Project object */ = {
			isa = PBXProject;
			attributes = {
				LastSwiftUpdateCheck = 0820;
				LastUpgradeCheck = 0820;
				ORGANIZATIONNAME = "Eleanor Meriwether";
				TargetAttributes = {
					066DB6231FAE8F1500C68B36 = {
						CreatedOnToolsVersion = 8.2;
						DevelopmentTeam = 2A6YQM3SZ4;
						LastSwiftMigration = 0910;
						ProvisioningStyle = Automatic;
					};
				};
			};
			buildConfigurationList = 066DB61F1FAE8F1400C68B36 /* Build configuration list for PBXProject "DuckColoringGame" */;
			compatibilityVersion = "Xcode 3.2";
			developmentRegion = English;
			hasScannedForEncodings = 0;
			knownRegions = (
				en,
				Base,
			);
			mainGroup = 066DB61B1FAE8F1400C68B36;
			productRefGroup = 066DB6251FAE8F1500C68B36 /* Products */;
			projectDirPath = "";
			projectRoot = "";
			targets = (
				066DB6231FAE8F1500C68B36 /* DuckColoringGame */,
			);
		};
/* End PBXProject section */

/* Begin PBXResourcesBuildPhase section */
		066DB6221FAE8F1500C68B36 /* Resources */ = {
			isa = PBXResourcesBuildPhase;
			buildActionMask = 2147483647;
			files = (
				066C1B5F200960F7002CE81D /* spoon.wav in Resources */,
				062D7D2B1FD11E0100575A5B /* reminder_duck.mp3 in Resources */,
				061F1BD72004885500A05E8E /* CowScene.sks in Resources */,
				06812DBA1FBD05AF00F965E8 /* quack.mp3 in Resources */,
				06427F201FD9F8A0009C07ED /* PianoScene7.sks in Resources */,
				06427F171FD9F88E009C07ED /* PianoScene5.sks in Resources */,
				06427EDF1FD9F2B4009C07ED /* Find the shovel.wav in Resources */,
				06427ED31FD9F2B3009C07ED /* find the cat.wav in Resources */,
				06427F371FDA01AC009C07ED /* mouse.wav in Resources */,
				06427F2B1FD9FCFE009C07ED /* reminder_boots.wav in Resources */,
				06427EDD1FD9F2B3009C07ED /* Are you ready for more Now find the bathtub.wav in Resources */,
				066C1B5D200960F7002CE81D /* reminder_spoon.wav in Resources */,
				06427EE01FD9F2B4009C07ED /* melody 4.wav in Resources */,
				06427ED11FD9F2B3009C07ED /* find the giraffe.wav in Resources */,
				06427F2D1FD9FD06009C07ED /* instructions_boots.wav in Resources */,
				066DB6331FAE8F1500C68B36 /* Main.storyboard in Resources */,
				06427F281FD9F8BA009C07ED /* PianoScene9.sks in Resources */,
				06427F3B1FDA01BC009C07ED /* instructions_mouse.wav in Resources */,
				06476DD41FC9458E00B55906 /* ScoreScene.sks in Resources */,
				06427F391FDA01B5009C07ED /* reminder_mouse.wav in Resources */,
				0BCA0A8C201BCBFA00488E8E /* instructions_bread.wav in Resources */,
				0BCA0A88201BCBFA00488E8E /* instructions_pizza.wav in Resources */,
				0BCA0A8A201BCBFA00488E8E /* instructions_egg.wav in Resources */,
				062D7D2D1FD11E3700575A5B /* reminder_cookie.mp3 in Resources */,
				06427F3F1FDA0213009C07ED /* MouseScene.sks in Resources */,
				06427EDB1FD9F2B3009C07ED /* melody 1.wav in Resources */,
				062D7D491FD125B600575A5B /* reminder_airplane.mp3 in Resources */,
				062D7D2F1FD11E4C00575A5B /* crunch.wav in Resources */,
				0BCA0AA0201BCC2100488E8E /* Trainer_Pizza.sks in Resources */,
				06427EDE1FD9F2B3009C07ED /* G.wav in Resources */,
				066C1B6320096118002CE81D /* instructions_trash.wav in Resources */,
				066C1B5120095C70002CE81D /* cow.wav in Resources */,
				06427EDC1FD9F2B3009C07ED /* D.wav in Resources */,
				06427F1B1FD9F898009C07ED /* PianoScene6.sks in Resources */,
				06427F141FD9F880009C07ED /* PianoScene4.sks in Resources */,
				0BCA0A9C201BCC2100488E8E /* Trainer_Bread.sks in Resources */,
				066C1B5E200960F7002CE81D /* instructions_spoon.wav in Resources */,
				06476DD21FC9434800B55906 /* instructions_cookie.mp3 in Resources */,
				06B3C6E71FBCFAD200252DB6 /* instructions_duck.mp3 in Resources */,
				06427F0C1FD9F868009C07ED /* PianoScene2.sks in Resources */,
				066C1B552009607E002CE81D /* instructions_cow.wav in Resources */,
				0BCA0A89201BCBFA00488E8E /* Correct.wav in Resources */,
				066C1B6420096118002CE81D /* reminder_trash.wav in Resources */,
				062D7D4B1FD125E600575A5B /* AirplaneScene.sks in Resources */,
				069DE7C620045B0F00465399 /* SpoonScene.sks in Resources */,
				06427EE31FD9F30E009C07ED /* instructions_airplane.mp3 in Resources */,
				0BCA0A8B201BCBFA00488E8E /* instructions_hamburger.wav in Resources */,
				06427ED41FD9F2B3009C07ED /* Find the glass.wav in Resources */,
				0BCA0A9E201BCC2100488E8E /* Trainer_Egg.sks in Resources */,
				0669B8EE20040486002D8CAC /* TrashScene.sks in Resources */,
				066C1B532009606E002CE81D /* reminder_cow.wav in Resources */,
				066DB62A1FAE8F1500C68B36 /* DuckScene.sks in Resources */,
				06427F2F1FD9FD37009C07ED /* boots.wav in Resources */,
				06427ED81FD9F2B3009C07ED /* melody 3.wav in Resources */,
				06427ED61FD9F2B3009C07ED /* B.wav in Resources */,
				06427EDA1FD9F2B3009C07ED /* Find the plate.wav in Resources */,
				06427ED51FD9F2B3009C07ED /* find the dress.wav in Resources */,
				066DB6381FAE8F1500C68B36 /* LaunchScreen.storyboard in Resources */,
				06427ED21FD9F2B3009C07ED /* find the jacket.wav in Resources */,
				062510D01FC917EA00A8114D /* StartScene.sks in Resources */,
				06427EFC1FD9F421009C07ED /* PianoScene1.sks in Resources */,
				062D7D521FD12C2F00575A5B /* airplane.mp3 in Resources */,
				06427ED91FD9F2B3009C07ED /* melody 2.wav in Resources */,
				06427F311FD9FD59009C07ED /* BootsScene.sks in Resources */,
				0BCA0A9A201BCC2100488E8E /* Trainer_Hamburger.sks in Resources */,
				06476DC31FC93F3E00B55906 /* CookieScene.sks in Resources */,
				06427ED71FD9F2B3009C07ED /* Now it's time to play some music touch the yellow key.wav in Resources */,
				06427F101FD9F876009C07ED /* PianoScene3.sks in Resources */,
				06B3C6E51FBCD46C00252DB6 /* Assets.xcassets in Resources */,
				06427F241FD9F8AD009C07ED /* PianoScene8.sks in Resources */,
				066C1B6520096118002CE81D /* trash.wav in Resources */,
			);
			runOnlyForDeploymentPostprocessing = 0;
		};
/* End PBXResourcesBuildPhase section */

/* Begin PBXSourcesBuildPhase section */
		066DB6201FAE8F1500C68B36 /* Sources */ = {
			isa = PBXSourcesBuildPhase;
			buildActionMask = 2147483647;
			files = (
				0BCA0A9B201BCC2100488E8E /* Trainer_Bread.swift in Sources */,
				06427F1F1FD9F8A0009C07ED /* PianoScene7.swift in Sources */,
				06427F0F1FD9F876009C07ED /* PianoScene3.swift in Sources */,
				066DB62E1FAE8F1500C68B36 /* DuckScene.swift in Sources */,
				0BCA0A9F201BCC2100488E8E /* Trainer_Pizza.swift in Sources */,
				06427F181FD9F88E009C07ED /* PianoScene5.swift in Sources */,
				066DB6301FAE8F1500C68B36 /* GameViewController.swift in Sources */,
				06427F131FD9F880009C07ED /* PianoScene4.swift in Sources */,
				06427F3D1FDA0206009C07ED /* MouseScene.swift in Sources */,
				06427EFD1FD9F421009C07ED /* PianoScene1.swift in Sources */,
				06427F0B1FD9F868009C07ED /* PianoScene2.swift in Sources */,
				062D7D4D1FD125FB00575A5B /* AirplaneScene.swift in Sources */,
				0BCA0A9D201BCC2100488E8E /* Trainer_Egg.swift in Sources */,
				062510D21FC9184200A8114D /* StartScene.swift in Sources */,
				06427F271FD9F8BA009C07ED /* PianoScene9.swift in Sources */,
				069DE7C420045B0100465399 /* SpoonScene.swift in Sources */,
				06476DD61FC945F200B55906 /* ScoreScene.swift in Sources */,
				0669B8EC2004046E002D8CAC /* TrashScene.swift in Sources */,
				061F1BD52004884000A05E8E /* CowScene.swift in Sources */,
				066DB6281FAE8F1500C68B36 /* AppDelegate.swift in Sources */,
				0BCA0A99201BCC2100488E8E /* Trainer_Hamburger.swift in Sources */,
				06476DC51FC93F4C00B55906 /* CookieScene.swift in Sources */,
				06427F1C1FD9F898009C07ED /* PianoScene6.swift in Sources */,
				06427F331FD9FD6B009C07ED /* BootsScene.swift in Sources */,
				06427F231FD9F8AD009C07ED /* PianoScene8.swift in Sources */,
			);
			runOnlyForDeploymentPostprocessing = 0;
		};
/* End PBXSourcesBuildPhase section */

/* Begin PBXVariantGroup section */
		066DB6311FAE8F1500C68B36 /* Main.storyboard */ = {
			isa = PBXVariantGroup;
			children = (
				066DB6321FAE8F1500C68B36 /* Base */,
			);
			name = Main.storyboard;
			path = Duck;
			sourceTree = "<group>";
		};
		066DB6361FAE8F1500C68B36 /* LaunchScreen.storyboard */ = {
			isa = PBXVariantGroup;
			children = (
				066DB6371FAE8F1500C68B36 /* Base */,
			);
			name = LaunchScreen.storyboard;
			sourceTree = "<group>";
		};
/* End PBXVariantGroup section */

/* Begin XCBuildConfiguration section */
		066DB63A1FAE8F1500C68B36 /* Debug */ = {
			isa = XCBuildConfiguration;
			buildSettings = {
				ALWAYS_SEARCH_USER_PATHS = NO;
				CLANG_ANALYZER_NONNULL = YES;
				CLANG_CXX_LANGUAGE_STANDARD = "gnu++0x";
				CLANG_CXX_LIBRARY = "libc++";
				CLANG_ENABLE_MODULES = YES;
				CLANG_ENABLE_OBJC_ARC = YES;
				CLANG_WARN_BOOL_CONVERSION = YES;
				CLANG_WARN_CONSTANT_CONVERSION = YES;
				CLANG_WARN_DIRECT_OBJC_ISA_USAGE = YES_ERROR;
				CLANG_WARN_DOCUMENTATION_COMMENTS = YES;
				CLANG_WARN_EMPTY_BODY = YES;
				CLANG_WARN_ENUM_CONVERSION = YES;
				CLANG_WARN_INFINITE_RECURSION = YES;
				CLANG_WARN_INT_CONVERSION = YES;
				CLANG_WARN_OBJC_ROOT_CLASS = YES_ERROR;
				CLANG_WARN_SUSPICIOUS_MOVE = YES;
				CLANG_WARN_UNREACHABLE_CODE = YES;
				CLANG_WARN__DUPLICATE_METHOD_MATCH = YES;
				"CODE_SIGN_IDENTITY[sdk=iphoneos*]" = "iPhone Developer";
				COPY_PHASE_STRIP = NO;
				DEBUG_INFORMATION_FORMAT = dwarf;
				ENABLE_STRICT_OBJC_MSGSEND = YES;
				ENABLE_TESTABILITY = YES;
				GCC_C_LANGUAGE_STANDARD = gnu99;
				GCC_DYNAMIC_NO_PIC = NO;
				GCC_NO_COMMON_BLOCKS = YES;
				GCC_OPTIMIZATION_LEVEL = 0;
				GCC_PREPROCESSOR_DEFINITIONS = (
					"DEBUG=1",
					"$(inherited)",
				);
				GCC_WARN_64_TO_32_BIT_CONVERSION = YES;
				GCC_WARN_ABOUT_RETURN_TYPE = YES_ERROR;
				GCC_WARN_UNDECLARED_SELECTOR = YES;
				GCC_WARN_UNINITIALIZED_AUTOS = YES_AGGRESSIVE;
				GCC_WARN_UNUSED_FUNCTION = YES;
				GCC_WARN_UNUSED_VARIABLE = YES;
				IPHONEOS_DEPLOYMENT_TARGET = 9.3;
				MTL_ENABLE_DEBUG_INFO = YES;
				ONLY_ACTIVE_ARCH = YES;
				SDKROOT = iphoneos;
				SWIFT_ACTIVE_COMPILATION_CONDITIONS = DEBUG;
				SWIFT_OPTIMIZATION_LEVEL = "-Onone";
				TARGETED_DEVICE_FAMILY = 2;
			};
			name = Debug;
		};
		066DB63B1FAE8F1500C68B36 /* Release */ = {
			isa = XCBuildConfiguration;
			buildSettings = {
				ALWAYS_SEARCH_USER_PATHS = NO;
				CLANG_ANALYZER_NONNULL = YES;
				CLANG_CXX_LANGUAGE_STANDARD = "gnu++0x";
				CLANG_CXX_LIBRARY = "libc++";
				CLANG_ENABLE_MODULES = YES;
				CLANG_ENABLE_OBJC_ARC = YES;
				CLANG_WARN_BOOL_CONVERSION = YES;
				CLANG_WARN_CONSTANT_CONVERSION = YES;
				CLANG_WARN_DIRECT_OBJC_ISA_USAGE = YES_ERROR;
				CLANG_WARN_DOCUMENTATION_COMMENTS = YES;
				CLANG_WARN_EMPTY_BODY = YES;
				CLANG_WARN_ENUM_CONVERSION = YES;
				CLANG_WARN_INFINITE_RECURSION = YES;
				CLANG_WARN_INT_CONVERSION = YES;
				CLANG_WARN_OBJC_ROOT_CLASS = YES_ERROR;
				CLANG_WARN_SUSPICIOUS_MOVE = YES;
				CLANG_WARN_UNREACHABLE_CODE = YES;
				CLANG_WARN__DUPLICATE_METHOD_MATCH = YES;
				"CODE_SIGN_IDENTITY[sdk=iphoneos*]" = "iPhone Developer";
				COPY_PHASE_STRIP = NO;
				DEBUG_INFORMATION_FORMAT = "dwarf-with-dsym";
				ENABLE_NS_ASSERTIONS = NO;
				ENABLE_STRICT_OBJC_MSGSEND = YES;
				GCC_C_LANGUAGE_STANDARD = gnu99;
				GCC_NO_COMMON_BLOCKS = YES;
				GCC_WARN_64_TO_32_BIT_CONVERSION = YES;
				GCC_WARN_ABOUT_RETURN_TYPE = YES_ERROR;
				GCC_WARN_UNDECLARED_SELECTOR = YES;
				GCC_WARN_UNINITIALIZED_AUTOS = YES_AGGRESSIVE;
				GCC_WARN_UNUSED_FUNCTION = YES;
				GCC_WARN_UNUSED_VARIABLE = YES;
				IPHONEOS_DEPLOYMENT_TARGET = 9.3;
				MTL_ENABLE_DEBUG_INFO = NO;
				SDKROOT = iphoneos;
				SWIFT_OPTIMIZATION_LEVEL = "-Owholemodule";
				TARGETED_DEVICE_FAMILY = 2;
				VALIDATE_PRODUCT = YES;
			};
			name = Release;
		};
		066DB63D1FAE8F1500C68B36 /* Debug */ = {
			isa = XCBuildConfiguration;
			buildSettings = {
				ASSETCATALOG_COMPILER_APPICON_NAME = AppIcon;
				DEVELOPMENT_TEAM = 2A6YQM3SZ4;
				INFOPLIST_FILE = DuckColoringGame/Info.plist;
				IPHONEOS_DEPLOYMENT_TARGET = 11.1;
				LD_RUNPATH_SEARCH_PATHS = "$(inherited) @executable_path/Frameworks";
				PRODUCT_BUNDLE_IDENTIFIER = test.DuckColoringGame;
				PRODUCT_NAME = "$(TARGET_NAME)";
				SWIFT_SWIFT3_OBJC_INFERENCE = On;
				SWIFT_VERSION = 4.0;
				TARGETED_DEVICE_FAMILY = 2;
			};
			name = Debug;
		};
		066DB63E1FAE8F1500C68B36 /* Release */ = {
			isa = XCBuildConfiguration;
			buildSettings = {
				ASSETCATALOG_COMPILER_APPICON_NAME = AppIcon;
				DEVELOPMENT_TEAM = 2A6YQM3SZ4;
				INFOPLIST_FILE = DuckColoringGame/Info.plist;
				IPHONEOS_DEPLOYMENT_TARGET = 11.1;
				LD_RUNPATH_SEARCH_PATHS = "$(inherited) @executable_path/Frameworks";
				PRODUCT_BUNDLE_IDENTIFIER = test.DuckColoringGame;
				PRODUCT_NAME = "$(TARGET_NAME)";
				SWIFT_SWIFT3_OBJC_INFERENCE = On;
				SWIFT_VERSION = 4.0;
				TARGETED_DEVICE_FAMILY = 2;
			};
			name = Release;
		};
/* End XCBuildConfiguration section */

/* Begin XCConfigurationList section */
		066DB61F1FAE8F1400C68B36 /* Build configuration list for PBXProject "DuckColoringGame" */ = {
			isa = XCConfigurationList;
			buildConfigurations = (
				066DB63A1FAE8F1500C68B36 /* Debug */,
				066DB63B1FAE8F1500C68B36 /* Release */,
			);
			defaultConfigurationIsVisible = 0;
			defaultConfigurationName = Release;
		};
		066DB63C1FAE8F1500C68B36 /* Build configuration list for PBXNativeTarget "DuckColoringGame" */ = {
			isa = XCConfigurationList;
			buildConfigurations = (
				066DB63D1FAE8F1500C68B36 /* Debug */,
				066DB63E1FAE8F1500C68B36 /* Release */,
			);
			defaultConfigurationIsVisible = 0;
			defaultConfigurationName = Release;
		};
/* End XCConfigurationList section */
	};
	rootObject = 066DB61C1FAE8F1400C68B36 /* Project object */;
}
