// !$*UTF8*$!
{
	archiveVersion = 1;
	classes = {
	};
	objectVersion = 46;
	objects = {

/* Begin PBXBuildFile section */
		062510D01FC917EA00A8114D /* StartScene.sks in Resources */ = {isa = PBXBuildFile; fileRef = 062510CF1FC917EA00A8114D /* StartScene.sks */; };
		062510D21FC9184200A8114D /* StartScene.swift in Sources */ = {isa = PBXBuildFile; fileRef = 062510D11FC9184200A8114D /* StartScene.swift */; };
		062D7D2B1FD11E0100575A5B /* listenCarefully_Duck.mp3 in Resources */ = {isa = PBXBuildFile; fileRef = 062D7D2A1FD11E0100575A5B /* listenCarefully_Duck.mp3 */; };
		062D7D2D1FD11E3700575A5B /* listenCarefully_Cookie.mp3 in Resources */ = {isa = PBXBuildFile; fileRef = 062D7D2C1FD11E3700575A5B /* listenCarefully_Cookie.mp3 */; };
		062D7D2F1FD11E4C00575A5B /* crunch.wav in Resources */ = {isa = PBXBuildFile; fileRef = 062D7D2E1FD11E4C00575A5B /* crunch.wav */; };
		062D7D491FD125B600575A5B /* reminder_airplane.mp3 in Resources */ = {isa = PBXBuildFile; fileRef = 062D7D471FD125B500575A5B /* reminder_airplane.mp3 */; };
		062D7D4B1FD125E600575A5B /* AirplaneScene.sks in Resources */ = {isa = PBXBuildFile; fileRef = 062D7D4A1FD125E600575A5B /* AirplaneScene.sks */; };
		062D7D4D1FD125FB00575A5B /* AirplaneScene.swift in Sources */ = {isa = PBXBuildFile; fileRef = 062D7D4C1FD125FB00575A5B /* AirplaneScene.swift */; };
		062D7D521FD12C2F00575A5B /* airplane.mp3 in Resources */ = {isa = PBXBuildFile; fileRef = 062D7D511FD12C2E00575A5B /* airplane.mp3 */; };
		06427ED11FD9F2B3009C07ED /* find the giraffe.wav in Resources */ = {isa = PBXBuildFile; fileRef = 06427EC11FD9F2A9009C07ED /* find the giraffe.wav */; };
		06427ED21FD9F2B3009C07ED /* find the jacket.wav in Resources */ = {isa = PBXBuildFile; fileRef = 06427EC21FD9F2AA009C07ED /* find the jacket.wav */; };
		06427ED31FD9F2B3009C07ED /* find the cat.wav in Resources */ = {isa = PBXBuildFile; fileRef = 06427EC31FD9F2AA009C07ED /* find the cat.wav */; };
		06427ED41FD9F2B3009C07ED /* Find the glass.wav in Resources */ = {isa = PBXBuildFile; fileRef = 06427EC41FD9F2AB009C07ED /* Find the glass.wav */; };
		06427ED51FD9F2B3009C07ED /* find the dress.wav in Resources */ = {isa = PBXBuildFile; fileRef = 06427EC51FD9F2AC009C07ED /* find the dress.wav */; };
		06427ED61FD9F2B3009C07ED /* B.wav in Resources */ = {isa = PBXBuildFile; fileRef = 06427EC61FD9F2AC009C07ED /* B.wav */; };
		06427ED71FD9F2B3009C07ED /* Now it's time to play some music touch the yellow key.wav in Resources */ = {isa = PBXBuildFile; fileRef = 06427EC71FD9F2AD009C07ED /* Now it's time to play some music touch the yellow key.wav */; };
		06427ED81FD9F2B3009C07ED /* melody 3.wav in Resources */ = {isa = PBXBuildFile; fileRef = 06427EC81FD9F2AE009C07ED /* melody 3.wav */; };
		06427ED91FD9F2B3009C07ED /* melody 2.wav in Resources */ = {isa = PBXBuildFile; fileRef = 06427EC91FD9F2AE009C07ED /* melody 2.wav */; };
		06427EDA1FD9F2B3009C07ED /* Find the plate.wav in Resources */ = {isa = PBXBuildFile; fileRef = 06427ECA1FD9F2AF009C07ED /* Find the plate.wav */; };
		06427EDB1FD9F2B3009C07ED /* melody 1.wav in Resources */ = {isa = PBXBuildFile; fileRef = 06427ECB1FD9F2B0009C07ED /* melody 1.wav */; };
		06427EDC1FD9F2B3009C07ED /* D.wav in Resources */ = {isa = PBXBuildFile; fileRef = 06427ECC1FD9F2B1009C07ED /* D.wav */; };
		06427EDD1FD9F2B3009C07ED /* Are you ready for more Now find the bathtub.wav in Resources */ = {isa = PBXBuildFile; fileRef = 06427ECD1FD9F2B2009C07ED /* Are you ready for more Now find the bathtub.wav */; };
		06427EDE1FD9F2B3009C07ED /* G.wav in Resources */ = {isa = PBXBuildFile; fileRef = 06427ECE1FD9F2B2009C07ED /* G.wav */; };
		06427EDF1FD9F2B4009C07ED /* Find the shovel.wav in Resources */ = {isa = PBXBuildFile; fileRef = 06427ECF1FD9F2B3009C07ED /* Find the shovel.wav */; };
		06427EE01FD9F2B4009C07ED /* melody 4.wav in Resources */ = {isa = PBXBuildFile; fileRef = 06427ED01FD9F2B3009C07ED /* melody 4.wav */; };
		06427EE31FD9F30E009C07ED /* instructions_airplane.mp3 in Resources */ = {isa = PBXBuildFile; fileRef = 06427EE21FD9F30E009C07ED /* instructions_airplane.mp3 */; };
		06476DC31FC93F3E00B55906 /* CookieScene.sks in Resources */ = {isa = PBXBuildFile; fileRef = 06476DC21FC93F3E00B55906 /* CookieScene.sks */; };
		06476DC51FC93F4C00B55906 /* CookieScene.swift in Sources */ = {isa = PBXBuildFile; fileRef = 06476DC41FC93F4C00B55906 /* CookieScene.swift */; };
		06476DD21FC9434800B55906 /* CookieInstructions.mp3 in Resources */ = {isa = PBXBuildFile; fileRef = 06476DD11FC9434800B55906 /* CookieInstructions.mp3 */; };
		06476DD41FC9458E00B55906 /* ScoreScene.sks in Resources */ = {isa = PBXBuildFile; fileRef = 06476DD31FC9458E00B55906 /* ScoreScene.sks */; };
		06476DD61FC945F200B55906 /* ScoreScene.swift in Sources */ = {isa = PBXBuildFile; fileRef = 06476DD51FC945F200B55906 /* ScoreScene.swift */; };
		066DB6281FAE8F1500C68B36 /* AppDelegate.swift in Sources */ = {isa = PBXBuildFile; fileRef = 066DB6271FAE8F1500C68B36 /* AppDelegate.swift */; };
		066DB62A1FAE8F1500C68B36 /* DuckScene.sks in Resources */ = {isa = PBXBuildFile; fileRef = 066DB6291FAE8F1500C68B36 /* DuckScene.sks */; };
		066DB62E1FAE8F1500C68B36 /* DuckScene.swift in Sources */ = {isa = PBXBuildFile; fileRef = 066DB62D1FAE8F1500C68B36 /* DuckScene.swift */; };
		066DB6301FAE8F1500C68B36 /* GameViewController.swift in Sources */ = {isa = PBXBuildFile; fileRef = 066DB62F1FAE8F1500C68B36 /* GameViewController.swift */; };
		066DB6331FAE8F1500C68B36 /* Main.storyboard in Resources */ = {isa = PBXBuildFile; fileRef = 066DB6311FAE8F1500C68B36 /* Main.storyboard */; };
		066DB6381FAE8F1500C68B36 /* LaunchScreen.storyboard in Resources */ = {isa = PBXBuildFile; fileRef = 066DB6361FAE8F1500C68B36 /* LaunchScreen.storyboard */; };
		06812DBA1FBD05AF00F965E8 /* duckQuack.mp3 in Resources */ = {isa = PBXBuildFile; fileRef = 06812DB91FBD05AF00F965E8 /* duckQuack.mp3 */; };
		06B3C6E51FBCD46C00252DB6 /* Assets.xcassets in Resources */ = {isa = PBXBuildFile; fileRef = 06B3C6E41FBCD46C00252DB6 /* Assets.xcassets */; };
		06B3C6E71FBCFAD200252DB6 /* Instructions.mp3 in Resources */ = {isa = PBXBuildFile; fileRef = 06B3C6E61FBCFAD200252DB6 /* Instructions.mp3 */; };
/* End PBXBuildFile section */

/* Begin PBXFileReference section */
		062510CF1FC917EA00A8114D /* StartScene.sks */ = {isa = PBXFileReference; lastKnownFileType = file.sks; path = StartScene.sks; sourceTree = "<group>"; };
		062510D11FC9184200A8114D /* StartScene.swift */ = {isa = PBXFileReference; lastKnownFileType = sourcecode.swift; path = StartScene.swift; sourceTree = "<group>"; };
		062D7D2A1FD11E0100575A5B /* listenCarefully_Duck.mp3 */ = {isa = PBXFileReference; lastKnownFileType = audio.mp3; path = listenCarefully_Duck.mp3; sourceTree = "<group>"; };
		062D7D2C1FD11E3700575A5B /* listenCarefully_Cookie.mp3 */ = {isa = PBXFileReference; lastKnownFileType = audio.mp3; path = listenCarefully_Cookie.mp3; sourceTree = "<group>"; };
		062D7D2E1FD11E4C00575A5B /* crunch.wav */ = {isa = PBXFileReference; lastKnownFileType = audio.wav; path = crunch.wav; sourceTree = "<group>"; };
		062D7D471FD125B500575A5B /* reminder_airplane.mp3 */ = {isa = PBXFileReference; lastKnownFileType = audio.mp3; path = reminder_airplane.mp3; sourceTree = "<group>"; };
		062D7D4A1FD125E600575A5B /* AirplaneScene.sks */ = {isa = PBXFileReference; lastKnownFileType = file.sks; path = AirplaneScene.sks; sourceTree = "<group>"; };
		062D7D4C1FD125FB00575A5B /* AirplaneScene.swift */ = {isa = PBXFileReference; lastKnownFileType = sourcecode.swift; path = AirplaneScene.swift; sourceTree = "<group>"; };
		062D7D511FD12C2E00575A5B /* airplane.mp3 */ = {isa = PBXFileReference; lastKnownFileType = audio.mp3; path = airplane.mp3; sourceTree = "<group>"; };
		06427EC11FD9F2A9009C07ED /* find the giraffe.wav */ = {isa = PBXFileReference; lastKnownFileType = audio.wav; path = "find the giraffe.wav"; sourceTree = "<group>"; };
		06427EC21FD9F2AA009C07ED /* find the jacket.wav */ = {isa = PBXFileReference; lastKnownFileType = audio.wav; path = "find the jacket.wav"; sourceTree = "<group>"; };
		06427EC31FD9F2AA009C07ED /* find the cat.wav */ = {isa = PBXFileReference; lastKnownFileType = audio.wav; path = "find the cat.wav"; sourceTree = "<group>"; };
		06427EC41FD9F2AB009C07ED /* Find the glass.wav */ = {isa = PBXFileReference; lastKnownFileType = audio.wav; path = "Find the glass.wav"; sourceTree = "<group>"; };
		06427EC51FD9F2AC009C07ED /* find the dress.wav */ = {isa = PBXFileReference; lastKnownFileType = audio.wav; path = "find the dress.wav"; sourceTree = "<group>"; };
		06427EC61FD9F2AC009C07ED /* B.wav */ = {isa = PBXFileReference; lastKnownFileType = audio.wav; path = B.wav; sourceTree = "<group>"; };
		06427EC71FD9F2AD009C07ED /* Now it's time to play some music touch the yellow key.wav */ = {isa = PBXFileReference; lastKnownFileType = audio.wav; path = "Now it's time to play some music touch the yellow key.wav"; sourceTree = "<group>"; };
		06427EC81FD9F2AE009C07ED /* melody 3.wav */ = {isa = PBXFileReference; lastKnownFileType = audio.wav; path = "melody 3.wav"; sourceTree = "<group>"; };
		06427EC91FD9F2AE009C07ED /* melody 2.wav */ = {isa = PBXFileReference; lastKnownFileType = audio.wav; path = "melody 2.wav"; sourceTree = "<group>"; };
		06427ECA1FD9F2AF009C07ED /* Find the plate.wav */ = {isa = PBXFileReference; lastKnownFileType = audio.wav; path = "Find the plate.wav"; sourceTree = "<group>"; };
		06427ECB1FD9F2B0009C07ED /* melody 1.wav */ = {isa = PBXFileReference; lastKnownFileType = audio.wav; path = "melody 1.wav"; sourceTree = "<group>"; };
		06427ECC1FD9F2B1009C07ED /* D.wav */ = {isa = PBXFileReference; lastKnownFileType = audio.wav; path = D.wav; sourceTree = "<group>"; };
		06427ECD1FD9F2B2009C07ED /* Are you ready for more Now find the bathtub.wav */ = {isa = PBXFileReference; lastKnownFileType = audio.wav; path = "Are you ready for more Now find the bathtub.wav"; sourceTree = "<group>"; };
		06427ECE1FD9F2B2009C07ED /* G.wav */ = {isa = PBXFileReference; lastKnownFileType = audio.wav; path = G.wav; sourceTree = "<group>"; };
		06427ECF1FD9F2B3009C07ED /* Find the shovel.wav */ = {isa = PBXFileReference; lastKnownFileType = audio.wav; path = "Find the shovel.wav"; sourceTree = "<group>"; };
		06427ED01FD9F2B3009C07ED /* melody 4.wav */ = {isa = PBXFileReference; lastKnownFileType = audio.wav; path = "melody 4.wav"; sourceTree = "<group>"; };
		06427EE21FD9F30E009C07ED /* instructions_airplane.mp3 */ = {isa = PBXFileReference; lastKnownFileType = audio.mp3; path = instructions_airplane.mp3; sourceTree = "<group>"; };
		06476DC21FC93F3E00B55906 /* CookieScene.sks */ = {isa = PBXFileReference; lastKnownFileType = file.sks; path = CookieScene.sks; sourceTree = "<group>"; };
		06476DC41FC93F4C00B55906 /* CookieScene.swift */ = {isa = PBXFileReference; lastKnownFileType = sourcecode.swift; path = CookieScene.swift; sourceTree = "<group>"; };
		06476DD11FC9434800B55906 /* CookieInstructions.mp3 */ = {isa = PBXFileReference; lastKnownFileType = audio.mp3; path = CookieInstructions.mp3; sourceTree = "<group>"; };
		06476DD31FC9458E00B55906 /* ScoreScene.sks */ = {isa = PBXFileReference; lastKnownFileType = file.sks; path = ScoreScene.sks; sourceTree = "<group>"; };
		06476DD51FC945F200B55906 /* ScoreScene.swift */ = {isa = PBXFileReference; lastKnownFileType = sourcecode.swift; path = ScoreScene.swift; sourceTree = "<group>"; };
		066DB6241FAE8F1500C68B36 /* DuckColoringGame.app */ = {isa = PBXFileReference; explicitFileType = wrapper.application; includeInIndex = 0; path = DuckColoringGame.app; sourceTree = BUILT_PRODUCTS_DIR; };
		066DB6271FAE8F1500C68B36 /* AppDelegate.swift */ = {isa = PBXFileReference; lastKnownFileType = sourcecode.swift; path = AppDelegate.swift; sourceTree = "<group>"; };
		066DB6291FAE8F1500C68B36 /* DuckScene.sks */ = {isa = PBXFileReference; lastKnownFileType = file.sks; path = DuckScene.sks; sourceTree = "<group>"; };
		066DB62D1FAE8F1500C68B36 /* DuckScene.swift */ = {isa = PBXFileReference; lastKnownFileType = sourcecode.swift; path = DuckScene.swift; sourceTree = "<group>"; };
		066DB62F1FAE8F1500C68B36 /* GameViewController.swift */ = {isa = PBXFileReference; lastKnownFileType = sourcecode.swift; path = GameViewController.swift; sourceTree = "<group>"; };
		066DB6321FAE8F1500C68B36 /* Base */ = {isa = PBXFileReference; lastKnownFileType = file.storyboard; name = Base; path = Base.lproj/Main.storyboard; sourceTree = "<group>"; };
		066DB6371FAE8F1500C68B36 /* Base */ = {isa = PBXFileReference; lastKnownFileType = file.storyboard; name = Base; path = Base.lproj/LaunchScreen.storyboard; sourceTree = "<group>"; };
		066DB6391FAE8F1500C68B36 /* Info.plist */ = {isa = PBXFileReference; lastKnownFileType = text.plist.xml; path = Info.plist; sourceTree = "<group>"; };
		06812DB91FBD05AF00F965E8 /* duckQuack.mp3 */ = {isa = PBXFileReference; lastKnownFileType = audio.mp3; path = duckQuack.mp3; sourceTree = "<group>"; };
		06B3C6E41FBCD46C00252DB6 /* Assets.xcassets */ = {isa = PBXFileReference; lastKnownFileType = folder.assetcatalog; path = Assets.xcassets; sourceTree = "<group>"; };
		06B3C6E61FBCFAD200252DB6 /* Instructions.mp3 */ = {isa = PBXFileReference; lastKnownFileType = audio.mp3; path = Instructions.mp3; sourceTree = "<group>"; };
/* End PBXFileReference section */

/* Begin PBXFrameworksBuildPhase section */
		066DB6211FAE8F1500C68B36 /* Frameworks */ = {
			isa = PBXFrameworksBuildPhase;
			buildActionMask = 2147483647;
			files = (
			);
			runOnlyForDeploymentPostprocessing = 0;
		};
/* End PBXFrameworksBuildPhase section */

/* Begin PBXGroup section */
		062D7D4E1FD1260A00575A5B /* AirplaneScene */ = {
			isa = PBXGroup;
			children = (
				062D7D4C1FD125FB00575A5B /* AirplaneScene.swift */,
				062D7D4A1FD125E600575A5B /* AirplaneScene.sks */,
			);
			path = AirplaneScene;
			sourceTree = "<group>";
		};
		06427EE11FD9F2BD009C07ED /* PianoGame */ = {
			isa = PBXGroup;
			children = (
				06427ECD1FD9F2B2009C07ED /* Are you ready for more Now find the bathtub.wav */,
				06427EC61FD9F2AC009C07ED /* B.wav */,
				06427ECC1FD9F2B1009C07ED /* D.wav */,
				06427EC31FD9F2AA009C07ED /* find the cat.wav */,
				06427EC51FD9F2AC009C07ED /* find the dress.wav */,
				06427EC11FD9F2A9009C07ED /* find the giraffe.wav */,
				06427EC41FD9F2AB009C07ED /* Find the glass.wav */,
				06427EC21FD9F2AA009C07ED /* find the jacket.wav */,
				06427ECA1FD9F2AF009C07ED /* Find the plate.wav */,
				06427ECF1FD9F2B3009C07ED /* Find the shovel.wav */,
				06427ECE1FD9F2B2009C07ED /* G.wav */,
				06427ECB1FD9F2B0009C07ED /* melody 1.wav */,
				06427EC91FD9F2AE009C07ED /* melody 2.wav */,
				06427EC81FD9F2AE009C07ED /* melody 3.wav */,
				06427ED01FD9F2B3009C07ED /* melody 4.wav */,
				06427EC71FD9F2AD009C07ED /* Now it's time to play some music touch the yellow key.wav */,
			);
			path = PianoGame;
			sourceTree = "<group>";
		};
		06427EE41FD9F320009C07ED /* ColoringGame */ = {
			isa = PBXGroup;
			children = (
				06427EE51FD9F337009C07ED /* Airplane */,
				06427EE71FD9F352009C07ED /* Duck */,
				06427EE61FD9F341009C07ED /* Cookie */,
			);
			path = ColoringGame;
			sourceTree = "<group>";
		};
		06427EE51FD9F337009C07ED /* Airplane */ = {
			isa = PBXGroup;
			children = (
				062D7D511FD12C2E00575A5B /* airplane.mp3 */,
				06427EE21FD9F30E009C07ED /* instructions_airplane.mp3 */,
				062D7D471FD125B500575A5B /* reminder_airplane.mp3 */,
			);
			path = Airplane;
			sourceTree = "<group>";
		};
		06427EE61FD9F341009C07ED /* Cookie */ = {
			isa = PBXGroup;
			children = (
				062D7D2C1FD11E3700575A5B /* listenCarefully_Cookie.mp3 */,
				062D7D2E1FD11E4C00575A5B /* crunch.wav */,
				06476DD11FC9434800B55906 /* CookieInstructions.mp3 */,
			);
			path = Cookie;
			sourceTree = "<group>";
		};
		06427EE71FD9F352009C07ED /* Duck */ = {
			isa = PBXGroup;
			children = (
				062D7D2A1FD11E0100575A5B /* listenCarefully_Duck.mp3 */,
				06B3C6E61FBCFAD200252DB6 /* Instructions.mp3 */,
				06812DB91FBD05AF00F965E8 /* duckQuack.mp3 */,
			);
			path = Duck;
			sourceTree = "<group>";
		};
		06476DC01FC93C6100B55906 /* DuckScene */ = {
			isa = PBXGroup;
			children = (
				066DB62D1FAE8F1500C68B36 /* DuckScene.swift */,
				066DB6291FAE8F1500C68B36 /* DuckScene.sks */,
			);
			name = DuckScene;
			path = "New Group";
			sourceTree = "<group>";
		};
		06476DC11FC93C7100B55906 /* StartScene */ = {
			isa = PBXGroup;
			children = (
				062510D11FC9184200A8114D /* StartScene.swift */,
				062510CF1FC917EA00A8114D /* StartScene.sks */,
			);
			path = StartScene;
			sourceTree = "<group>";
		};
		06476DC61FC93F5C00B55906 /* CookieScene */ = {
			isa = PBXGroup;
			children = (
				06476DC21FC93F3E00B55906 /* CookieScene.sks */,
				06476DC41FC93F4C00B55906 /* CookieScene.swift */,
			);
			path = CookieScene;
			sourceTree = "<group>";
		};
		06476DD71FC945F600B55906 /* ScoreScene */ = {
			isa = PBXGroup;
			children = (
				06476DD31FC9458E00B55906 /* ScoreScene.sks */,
				06476DD51FC945F200B55906 /* ScoreScene.swift */,
			);
			path = ScoreScene;
			sourceTree = "<group>";
		};
		0657C65F1FC1F7F3002FC12D /* Audio */ = {
			isa = PBXGroup;
			children = (
				06427EE41FD9F320009C07ED /* ColoringGame */,
				06427EE11FD9F2BD009C07ED /* PianoGame */,
			);
			path = Audio;
			sourceTree = "<group>";
		};
		066DB61B1FAE8F1400C68B36 = {
			isa = PBXGroup;
			children = (
				066DB6261FAE8F1500C68B36 /* DuckColoringGame */,
				066DB6251FAE8F1500C68B36 /* Products */,
			);
			sourceTree = "<group>";
		};
		066DB6251FAE8F1500C68B36 /* Products */ = {
			isa = PBXGroup;
			children = (
				066DB6241FAE8F1500C68B36 /* DuckColoringGame.app */,
			);
			name = Products;
			sourceTree = "<group>";
		};
		066DB6261FAE8F1500C68B36 /* DuckColoringGame */ = {
			isa = PBXGroup;
			children = (
				066DB6271FAE8F1500C68B36 /* AppDelegate.swift */,
				066DB62F1FAE8F1500C68B36 /* GameViewController.swift */,
				066DB6311FAE8F1500C68B36 /* Main.storyboard */,
				06476DD71FC945F600B55906 /* ScoreScene */,
				062D7D4E1FD1260A00575A5B /* AirplaneScene */,
				06476DC61FC93F5C00B55906 /* CookieScene */,
				06476DC01FC93C6100B55906 /* DuckScene */,
				06476DC11FC93C7100B55906 /* StartScene */,
				0657C65F1FC1F7F3002FC12D /* Audio */,
				06B3C6E41FBCD46C00252DB6 /* Assets.xcassets */,
				066DB6361FAE8F1500C68B36 /* LaunchScreen.storyboard */,
				066DB6391FAE8F1500C68B36 /* Info.plist */,
			);
			path = DuckColoringGame;
			sourceTree = "<group>";
		};
/* End PBXGroup section */

/* Begin PBXNativeTarget section */
		066DB6231FAE8F1500C68B36 /* DuckColoringGame */ = {
			isa = PBXNativeTarget;
			buildConfigurationList = 066DB63C1FAE8F1500C68B36 /* Build configuration list for PBXNativeTarget "DuckColoringGame" */;
			buildPhases = (
				066DB6201FAE8F1500C68B36 /* Sources */,
				066DB6211FAE8F1500C68B36 /* Frameworks */,
				066DB6221FAE8F1500C68B36 /* Resources */,
			);
			buildRules = (
			);
			dependencies = (
			);
			name = DuckColoringGame;
			productName = DuckColoringGame;
			productReference = 066DB6241FAE8F1500C68B36 /* DuckColoringGame.app */;
			productType = "com.apple.product-type.application";
		};
/* End PBXNativeTarget section */

/* Begin PBXProject section */
		066DB61C1FAE8F1400C68B36 /* Project object */ = {
			isa = PBXProject;
			attributes = {
				LastSwiftUpdateCheck = 0820;
				LastUpgradeCheck = 0820;
				ORGANIZATIONNAME = "Eleanor Meriwether";
				TargetAttributes = {
					066DB6231FAE8F1500C68B36 = {
						CreatedOnToolsVersion = 8.2;
						DevelopmentTeam = U4CECW6YBS;
						ProvisioningStyle = Automatic;
					};
				};
			};
			buildConfigurationList = 066DB61F1FAE8F1400C68B36 /* Build configuration list for PBXProject "DuckColoringGame" */;
			compatibilityVersion = "Xcode 3.2";
			developmentRegion = English;
			hasScannedForEncodings = 0;
			knownRegions = (
				en,
				Base,
			);
			mainGroup = 066DB61B1FAE8F1400C68B36;
			productRefGroup = 066DB6251FAE8F1500C68B36 /* Products */;
			projectDirPath = "";
			projectRoot = "";
			targets = (
				066DB6231FAE8F1500C68B36 /* DuckColoringGame */,
			);
		};
/* End PBXProject section */

/* Begin PBXResourcesBuildPhase section */
		066DB6221FAE8F1500C68B36 /* Resources */ = {
			isa = PBXResourcesBuildPhase;
			buildActionMask = 2147483647;
			files = (
				062D7D2B1FD11E0100575A5B /* listenCarefully_Duck.mp3 in Resources */,
				06812DBA1FBD05AF00F965E8 /* duckQuack.mp3 in Resources */,
				06427EDF1FD9F2B4009C07ED /* Find the shovel.wav in Resources */,
				06427ED31FD9F2B3009C07ED /* find the cat.wav in Resources */,
				06427EDD1FD9F2B3009C07ED /* Are you ready for more Now find the bathtub.wav in Resources */,
				06427EE01FD9F2B4009C07ED /* melody 4.wav in Resources */,
				06427ED11FD9F2B3009C07ED /* find the giraffe.wav in Resources */,
				066DB6331FAE8F1500C68B36 /* Main.storyboard in Resources */,
				06476DD41FC9458E00B55906 /* ScoreScene.sks in Resources */,
				062D7D2D1FD11E3700575A5B /* listenCarefully_Cookie.mp3 in Resources */,
				06427EDB1FD9F2B3009C07ED /* melody 1.wav in Resources */,
				062D7D491FD125B600575A5B /* reminder_airplane.mp3 in Resources */,
				062D7D2F1FD11E4C00575A5B /* crunch.wav in Resources */,
				06427EDE1FD9F2B3009C07ED /* G.wav in Resources */,
				06427EDC1FD9F2B3009C07ED /* D.wav in Resources */,
				06476DD21FC9434800B55906 /* CookieInstructions.mp3 in Resources */,
				06B3C6E71FBCFAD200252DB6 /* Instructions.mp3 in Resources */,
				062D7D4B1FD125E600575A5B /* AirplaneScene.sks in Resources */,
				06427EE31FD9F30E009C07ED /* instructions_airplane.mp3 in Resources */,
				06427ED41FD9F2B3009C07ED /* Find the glass.wav in Resources */,
				066DB62A1FAE8F1500C68B36 /* DuckScene.sks in Resources */,
				06427ED81FD9F2B3009C07ED /* melody 3.wav in Resources */,
				06427ED61FD9F2B3009C07ED /* B.wav in Resources */,
				06427EDA1FD9F2B3009C07ED /* Find the plate.wav in Resources */,
				06427ED51FD9F2B3009C07ED /* find the dress.wav in Resources */,
				066DB6381FAE8F1500C68B36 /* LaunchScreen.storyboard in Resources */,
				06427ED21FD9F2B3009C07ED /* find the jacket.wav in Resources */,
				062510D01FC917EA00A8114D /* StartScene.sks in Resources */,
				062D7D521FD12C2F00575A5B /* airplane.mp3 in Resources */,
				06427ED91FD9F2B3009C07ED /* melody 2.wav in Resources */,
				06476DC31FC93F3E00B55906 /* CookieScene.sks in Resources */,
				06427ED71FD9F2B3009C07ED /* Now it's time to play some music touch the yellow key.wav in Resources */,
				06B3C6E51FBCD46C00252DB6 /* Assets.xcassets in Resources */,
			);
			runOnlyForDeploymentPostprocessing = 0;
		};
/* End PBXResourcesBuildPhase section */

/* Begin PBXSourcesBuildPhase section */
		066DB6201FAE8F1500C68B36 /* Sources */ = {
			isa = PBXSourcesBuildPhase;
			buildActionMask = 2147483647;
			files = (
				066DB62E1FAE8F1500C68B36 /* DuckScene.swift in Sources */,
				066DB6301FAE8F1500C68B36 /* GameViewController.swift in Sources */,
				062D7D4D1FD125FB00575A5B /* AirplaneScene.swift in Sources */,
				062510D21FC9184200A8114D /* StartScene.swift in Sources */,
				06476DD61FC945F200B55906 /* ScoreScene.swift in Sources */,
				066DB6281FAE8F1500C68B36 /* AppDelegate.swift in Sources */,
				06476DC51FC93F4C00B55906 /* CookieScene.swift in Sources */,
			);
			runOnlyForDeploymentPostprocessing = 0;
		};
/* End PBXSourcesBuildPhase section */

/* Begin PBXVariantGroup section */
		066DB6311FAE8F1500C68B36 /* Main.storyboard */ = {
			isa = PBXVariantGroup;
			children = (
				066DB6321FAE8F1500C68B36 /* Base */,
			);
			name = Main.storyboard;
			path = Duck;
			sourceTree = "<group>";
		};
		066DB6361FAE8F1500C68B36 /* LaunchScreen.storyboard */ = {
			isa = PBXVariantGroup;
			children = (
				066DB6371FAE8F1500C68B36 /* Base */,
			);
			name = LaunchScreen.storyboard;
			sourceTree = "<group>";
		};
/* End PBXVariantGroup section */

/* Begin XCBuildConfiguration section */
		066DB63A1FAE8F1500C68B36 /* Debug */ = {
			isa = XCBuildConfiguration;
			buildSettings = {
				ALWAYS_SEARCH_USER_PATHS = NO;
				CLANG_ANALYZER_NONNULL = YES;
				CLANG_CXX_LANGUAGE_STANDARD = "gnu++0x";
				CLANG_CXX_LIBRARY = "libc++";
				CLANG_ENABLE_MODULES = YES;
				CLANG_ENABLE_OBJC_ARC = YES;
				CLANG_WARN_BOOL_CONVERSION = YES;
				CLANG_WARN_CONSTANT_CONVERSION = YES;
				CLANG_WARN_DIRECT_OBJC_ISA_USAGE = YES_ERROR;
				CLANG_WARN_DOCUMENTATION_COMMENTS = YES;
				CLANG_WARN_EMPTY_BODY = YES;
				CLANG_WARN_ENUM_CONVERSION = YES;
				CLANG_WARN_INFINITE_RECURSION = YES;
				CLANG_WARN_INT_CONVERSION = YES;
				CLANG_WARN_OBJC_ROOT_CLASS = YES_ERROR;
				CLANG_WARN_SUSPICIOUS_MOVE = YES;
				CLANG_WARN_UNREACHABLE_CODE = YES;
				CLANG_WARN__DUPLICATE_METHOD_MATCH = YES;
				"CODE_SIGN_IDENTITY[sdk=iphoneos*]" = "iPhone Developer";
				COPY_PHASE_STRIP = NO;
				DEBUG_INFORMATION_FORMAT = dwarf;
				ENABLE_STRICT_OBJC_MSGSEND = YES;
				ENABLE_TESTABILITY = YES;
				GCC_C_LANGUAGE_STANDARD = gnu99;
				GCC_DYNAMIC_NO_PIC = NO;
				GCC_NO_COMMON_BLOCKS = YES;
				GCC_OPTIMIZATION_LEVEL = 0;
				GCC_PREPROCESSOR_DEFINITIONS = (
					"DEBUG=1",
					"$(inherited)",
				);
				GCC_WARN_64_TO_32_BIT_CONVERSION = YES;
				GCC_WARN_ABOUT_RETURN_TYPE = YES_ERROR;
				GCC_WARN_UNDECLARED_SELECTOR = YES;
				GCC_WARN_UNINITIALIZED_AUTOS = YES_AGGRESSIVE;
				GCC_WARN_UNUSED_FUNCTION = YES;
				GCC_WARN_UNUSED_VARIABLE = YES;
				IPHONEOS_DEPLOYMENT_TARGET = 9.3;
				MTL_ENABLE_DEBUG_INFO = YES;
				ONLY_ACTIVE_ARCH = YES;
				SDKROOT = iphoneos;
				SWIFT_ACTIVE_COMPILATION_CONDITIONS = DEBUG;
				SWIFT_OPTIMIZATION_LEVEL = "-Onone";
				TARGETED_DEVICE_FAMILY = 2;
			};
			name = Debug;
		};
		066DB63B1FAE8F1500C68B36 /* Release */ = {
			isa = XCBuildConfiguration;
			buildSettings = {
				ALWAYS_SEARCH_USER_PATHS = NO;
				CLANG_ANALYZER_NONNULL = YES;
				CLANG_CXX_LANGUAGE_STANDARD = "gnu++0x";
				CLANG_CXX_LIBRARY = "libc++";
				CLANG_ENABLE_MODULES = YES;
				CLANG_ENABLE_OBJC_ARC = YES;
				CLANG_WARN_BOOL_CONVERSION = YES;
				CLANG_WARN_CONSTANT_CONVERSION = YES;
				CLANG_WARN_DIRECT_OBJC_ISA_USAGE = YES_ERROR;
				CLANG_WARN_DOCUMENTATION_COMMENTS = YES;
				CLANG_WARN_EMPTY_BODY = YES;
				CLANG_WARN_ENUM_CONVERSION = YES;
				CLANG_WARN_INFINITE_RECURSION = YES;
				CLANG_WARN_INT_CONVERSION = YES;
				CLANG_WARN_OBJC_ROOT_CLASS = YES_ERROR;
				CLANG_WARN_SUSPICIOUS_MOVE = YES;
				CLANG_WARN_UNREACHABLE_CODE = YES;
				CLANG_WARN__DUPLICATE_METHOD_MATCH = YES;
				"CODE_SIGN_IDENTITY[sdk=iphoneos*]" = "iPhone Developer";
				COPY_PHASE_STRIP = NO;
				DEBUG_INFORMATION_FORMAT = "dwarf-with-dsym";
				ENABLE_NS_ASSERTIONS = NO;
				ENABLE_STRICT_OBJC_MSGSEND = YES;
				GCC_C_LANGUAGE_STANDARD = gnu99;
				GCC_NO_COMMON_BLOCKS = YES;
				GCC_WARN_64_TO_32_BIT_CONVERSION = YES;
				GCC_WARN_ABOUT_RETURN_TYPE = YES_ERROR;
				GCC_WARN_UNDECLARED_SELECTOR = YES;
				GCC_WARN_UNINITIALIZED_AUTOS = YES_AGGRESSIVE;
				GCC_WARN_UNUSED_FUNCTION = YES;
				GCC_WARN_UNUSED_VARIABLE = YES;
				IPHONEOS_DEPLOYMENT_TARGET = 9.3;
				MTL_ENABLE_DEBUG_INFO = NO;
				SDKROOT = iphoneos;
				SWIFT_OPTIMIZATION_LEVEL = "-Owholemodule";
				TARGETED_DEVICE_FAMILY = 2;
				VALIDATE_PRODUCT = YES;
			};
			name = Release;
		};
		066DB63D1FAE8F1500C68B36 /* Debug */ = {
			isa = XCBuildConfiguration;
			buildSettings = {
				ASSETCATALOG_COMPILER_APPICON_NAME = AppIcon;
				DEVELOPMENT_TEAM = U4CECW6YBS;
				INFOPLIST_FILE = DuckColoringGame/Info.plist;
				IPHONEOS_DEPLOYMENT_TARGET = 9.3;
				LD_RUNPATH_SEARCH_PATHS = "$(inherited) @executable_path/Frameworks";
				PRODUCT_BUNDLE_IDENTIFIER = test.DuckColoringGame;
				PRODUCT_NAME = "$(TARGET_NAME)";
				SWIFT_VERSION = 3.0;
				TARGETED_DEVICE_FAMILY = 2;
			};
			name = Debug;
		};
		066DB63E1FAE8F1500C68B36 /* Release */ = {
			isa = XCBuildConfiguration;
			buildSettings = {
				ASSETCATALOG_COMPILER_APPICON_NAME = AppIcon;
				DEVELOPMENT_TEAM = U4CECW6YBS;
				INFOPLIST_FILE = DuckColoringGame/Info.plist;
				IPHONEOS_DEPLOYMENT_TARGET = 9.3;
				LD_RUNPATH_SEARCH_PATHS = "$(inherited) @executable_path/Frameworks";
				PRODUCT_BUNDLE_IDENTIFIER = test.DuckColoringGame;
				PRODUCT_NAME = "$(TARGET_NAME)";
				SWIFT_VERSION = 3.0;
				TARGETED_DEVICE_FAMILY = 2;
			};
			name = Release;
		};
/* End XCBuildConfiguration section */

/* Begin XCConfigurationList section */
		066DB61F1FAE8F1400C68B36 /* Build configuration list for PBXProject "DuckColoringGame" */ = {
			isa = XCConfigurationList;
			buildConfigurations = (
				066DB63A1FAE8F1500C68B36 /* Debug */,
				066DB63B1FAE8F1500C68B36 /* Release */,
			);
			defaultConfigurationIsVisible = 0;
			defaultConfigurationName = Release;
		};
		066DB63C1FAE8F1500C68B36 /* Build configuration list for PBXNativeTarget "DuckColoringGame" */ = {
			isa = XCConfigurationList;
			buildConfigurations = (
				066DB63D1FAE8F1500C68B36 /* Debug */,
				066DB63E1FAE8F1500C68B36 /* Release */,
			);
			defaultConfigurationIsVisible = 0;
			defaultConfigurationName = Release;
		};
/* End XCConfigurationList section */
	};
	rootObject = 066DB61C1FAE8F1400C68B36 /* Project object */;
}
